// !$*UTF8*$!
{
	archiveVersion = 1;
	classes = {
	};
	objectVersion = 56;
	objects = {

/* Begin PBXBuildFile section */
		F33CA41C29D90BD90084D256 /* SFProText-Semibold.ttf in Resources */ = {isa = PBXBuildFile; fileRef = F33CA41B29D90BD90084D256 /* SFProText-Semibold.ttf */; };
		F33CA41E29D90BDF0084D256 /* SFProText-Regular.ttf in Resources */ = {isa = PBXBuildFile; fileRef = F33CA41D29D90BDF0084D256 /* SFProText-Regular.ttf */; };
		F33CA42029D90BE80084D256 /* SFProText-Medium.ttf in Resources */ = {isa = PBXBuildFile; fileRef = F33CA41F29D90BE80084D256 /* SFProText-Medium.ttf */; };
		F33CA42229D90BEF0084D256 /* SFProText-Bold.ttf in Resources */ = {isa = PBXBuildFile; fileRef = F33CA42129D90BEF0084D256 /* SFProText-Bold.ttf */; };
		F33CA42629D90FFF0084D256 /* TabBarViewController.swift in Sources */ = {isa = PBXBuildFile; fileRef = F33CA42529D90FFF0084D256 /* TabBarViewController.swift */; };
		F33CA42829D910560084D256 /* UIColorExtension.swift in Sources */ = {isa = PBXBuildFile; fileRef = F33CA42729D910560084D256 /* UIColorExtension.swift */; };
		F352372329DA04CD002D2C80 /* SignUpScreenView.swift in Sources */ = {isa = PBXBuildFile; fileRef = F352372229DA04CD002D2C80 /* SignUpScreenView.swift */; };
		F352372729DA09F2002D2C80 /* KeychainSwift in Frameworks */ = {isa = PBXBuildFile; productRef = F352372629DA09F2002D2C80 /* KeychainSwift */; };
		F356E91C29CC679600D90D5C /* SingInScreenView.swift in Sources */ = {isa = PBXBuildFile; fileRef = F356E91B29CC679600D90D5C /* SingInScreenView.swift */; };
		F36EC54229CAACF5000523D3 /* AppDelegate.swift in Sources */ = {isa = PBXBuildFile; fileRef = F36EC54129CAACF5000523D3 /* AppDelegate.swift */; };
		F36EC54629CAACF5000523D3 /* SignInViewController.swift in Sources */ = {isa = PBXBuildFile; fileRef = F36EC54529CAACF5000523D3 /* SignInViewController.swift */; };
		F36EC54B29CAACF9000523D3 /* Assets.xcassets in Resources */ = {isa = PBXBuildFile; fileRef = F36EC54A29CAACF9000523D3 /* Assets.xcassets */; };
		F36EC54E29CAACF9000523D3 /* LaunchScreen.storyboard in Resources */ = {isa = PBXBuildFile; fileRef = F36EC54C29CAACF9000523D3 /* LaunchScreen.storyboard */; };
		F36EC55729CACE2E000523D3 /* SnapKit in Frameworks */ = {isa = PBXBuildFile; productRef = F36EC55629CACE2E000523D3 /* SnapKit */; };
		F36EC55A29CACE44000523D3 /* Alamofire in Frameworks */ = {isa = PBXBuildFile; productRef = F36EC55929CACE44000523D3 /* Alamofire */; };
		F3A4149B29DA14EE00D3DEF4 /* HomeCoordinator.swift in Sources */ = {isa = PBXBuildFile; fileRef = F3A4149A29DA14EE00D3DEF4 /* HomeCoordinator.swift */; };
		F3A4149E29DA20BF00D3DEF4 /* Observable.swift in Sources */ = {isa = PBXBuildFile; fileRef = F3A4149D29DA20BF00D3DEF4 /* Observable.swift */; };
		F3A414A029DA20DB00D3DEF4 /* User.swift in Sources */ = {isa = PBXBuildFile; fileRef = F3A4149F29DA20DB00D3DEF4 /* User.swift */; };
		F3A414A329DA211800D3DEF4 /* UIImageViewExtension.swift in Sources */ = {isa = PBXBuildFile; fileRef = F3A414A229DA211800D3DEF4 /* UIImageViewExtension.swift */; };
		F3A414A629DA21D300D3DEF4 /* CircleImageView.swift in Sources */ = {isa = PBXBuildFile; fileRef = F3A414A529DA21D300D3DEF4 /* CircleImageView.swift */; };
		F3A414AA29DA223000D3DEF4 /* ProfileScreenViewController.swift in Sources */ = {isa = PBXBuildFile; fileRef = F3A414A929DA223000D3DEF4 /* ProfileScreenViewController.swift */; };
		F3A414AC29DA225100D3DEF4 /* ProfileScreenView.swift in Sources */ = {isa = PBXBuildFile; fileRef = F3A414AB29DA225100D3DEF4 /* ProfileScreenView.swift */; };
		F3A414AE29DA226E00D3DEF4 /* ProfileScreenCollectionViewCell.swift in Sources */ = {isa = PBXBuildFile; fileRef = F3A414AD29DA226E00D3DEF4 /* ProfileScreenCollectionViewCell.swift */; };
		F3A414B029DA228D00D3DEF4 /* ProfileInformationBlockView.swift in Sources */ = {isa = PBXBuildFile; fileRef = F3A414AF29DA228D00D3DEF4 /* ProfileInformationBlockView.swift */; };
		F3A414B229DA22FF00D3DEF4 /* IProfileViewModel.swift in Sources */ = {isa = PBXBuildFile; fileRef = F3A414B129DA22FF00D3DEF4 /* IProfileViewModel.swift */; };
		F3A414B429DA232600D3DEF4 /* ProfileViewModel.swift in Sources */ = {isa = PBXBuildFile; fileRef = F3A414B329DA232600D3DEF4 /* ProfileViewModel.swift */; };
		F3A414B629DA237400D3DEF4 /* Protocols.swift in Sources */ = {isa = PBXBuildFile; fileRef = F3A414B529DA237400D3DEF4 /* Protocols.swift */; };
		F3A4637029DC71F20013E33C /* EpisodeScreenViewController.swift in Sources */ = {isa = PBXBuildFile; fileRef = F3A4636F29DC71F20013E33C /* EpisodeScreenViewController.swift */; };
		F3A4637229DC720D0013E33C /* EpisodeScreenView.swift in Sources */ = {isa = PBXBuildFile; fileRef = F3A4637129DC720D0013E33C /* EpisodeScreenView.swift */; };
		F3A4637429DC77250013E33C /* video.mp4 in Resources */ = {isa = PBXBuildFile; fileRef = F3A4637329DC77250013E33C /* video.mp4 */; };
		F3A4637629DC77E80013E33C /* VideoLooperView.swift in Sources */ = {isa = PBXBuildFile; fileRef = F3A4637529DC77E80013E33C /* VideoLooperView.swift */; };
		F3A4637829DC783F0013E33C /* VideoPlayerView.swift in Sources */ = {isa = PBXBuildFile; fileRef = F3A4637729DC783F0013E33C /* VideoPlayerView.swift */; };
		F3A4637A29DC785D0013E33C /* Video.swift in Sources */ = {isa = PBXBuildFile; fileRef = F3A4637929DC785D0013E33C /* Video.swift */; };
		F3F3C3DA29D31E4A002C9E45 /* Coordinator.swift in Sources */ = {isa = PBXBuildFile; fileRef = F3F3C3D929D31E4A002C9E45 /* Coordinator.swift */; };
		F3F3C3DC29D31E68002C9E45 /* AppCoordinator.swift in Sources */ = {isa = PBXBuildFile; fileRef = F3F3C3DB29D31E68002C9E45 /* AppCoordinator.swift */; };
		F3F3C3E229D31ED2002C9E45 /* SignInViewModel.swift in Sources */ = {isa = PBXBuildFile; fileRef = F3F3C3E129D31ED2002C9E45 /* SignInViewModel.swift */; };
		F3F3C3E629D32E80002C9E45 /* AuthCoordinator.swift in Sources */ = {isa = PBXBuildFile; fileRef = F3F3C3E529D32E80002C9E45 /* AuthCoordinator.swift */; };
		F3F3C3E829D33578002C9E45 /* SignUpViewController.swift in Sources */ = {isa = PBXBuildFile; fileRef = F3F3C3E729D33578002C9E45 /* SignUpViewController.swift */; };
		F3F3C3EB29D3366A002C9E45 /* UICustomTextField.swift in Sources */ = {isa = PBXBuildFile; fileRef = F3F3C3EA29D3366A002C9E45 /* UICustomTextField.swift */; };
		F3F3C3EF29D3E18D002C9E45 /* Token.swift in Sources */ = {isa = PBXBuildFile; fileRef = F3F3C3EE29D3E18D002C9E45 /* Token.swift */; };
		F3F3C3F129D3E283002C9E45 /* AuthUser.swift in Sources */ = {isa = PBXBuildFile; fileRef = F3F3C3F029D3E283002C9E45 /* AuthUser.swift */; };
		F3F3C3F529D3E37D002C9E45 /* Navigation.swift in Sources */ = {isa = PBXBuildFile; fileRef = F3F3C3F429D3E37D002C9E45 /* Navigation.swift */; };
		F3F3C3F729D3E432002C9E45 /* ISignInViewModel.swift in Sources */ = {isa = PBXBuildFile; fileRef = F3F3C3F629D3E432002C9E45 /* ISignInViewModel.swift */; };
		F3F3C3F929D3E448002C9E45 /* ISignUpViewModel.swift in Sources */ = {isa = PBXBuildFile; fileRef = F3F3C3F829D3E448002C9E45 /* ISignUpViewModel.swift */; };
		F3F3C3FD29D3E4BC002C9E45 /* ApiRepository.swift in Sources */ = {isa = PBXBuildFile; fileRef = F3F3C3FC29D3E4BC002C9E45 /* ApiRepository.swift */; };
/* End PBXBuildFile section */

/* Begin PBXFileReference section */
		F33CA41B29D90BD90084D256 /* SFProText-Semibold.ttf */ = {isa = PBXFileReference; lastKnownFileType = file; path = "SFProText-Semibold.ttf"; sourceTree = "<group>"; };
		F33CA41D29D90BDF0084D256 /* SFProText-Regular.ttf */ = {isa = PBXFileReference; lastKnownFileType = file; path = "SFProText-Regular.ttf"; sourceTree = "<group>"; };
		F33CA41F29D90BE80084D256 /* SFProText-Medium.ttf */ = {isa = PBXFileReference; lastKnownFileType = file; path = "SFProText-Medium.ttf"; sourceTree = "<group>"; };
		F33CA42129D90BEF0084D256 /* SFProText-Bold.ttf */ = {isa = PBXFileReference; lastKnownFileType = file; path = "SFProText-Bold.ttf"; sourceTree = "<group>"; };
		F33CA42529D90FFF0084D256 /* TabBarViewController.swift */ = {isa = PBXFileReference; lastKnownFileType = sourcecode.swift; path = TabBarViewController.swift; sourceTree = "<group>"; };
		F33CA42729D910560084D256 /* UIColorExtension.swift */ = {isa = PBXFileReference; lastKnownFileType = sourcecode.swift; path = UIColorExtension.swift; sourceTree = "<group>"; };
		F352372229DA04CD002D2C80 /* SignUpScreenView.swift */ = {isa = PBXFileReference; lastKnownFileType = sourcecode.swift; path = SignUpScreenView.swift; sourceTree = "<group>"; };
		F356E91B29CC679600D90D5C /* SingInScreenView.swift */ = {isa = PBXFileReference; lastKnownFileType = sourcecode.swift; path = SingInScreenView.swift; sourceTree = "<group>"; };
		F36EC53E29CAACF5000523D3 /* Cinema.app */ = {isa = PBXFileReference; explicitFileType = wrapper.application; includeInIndex = 0; path = Cinema.app; sourceTree = BUILT_PRODUCTS_DIR; };
		F36EC54129CAACF5000523D3 /* AppDelegate.swift */ = {isa = PBXFileReference; lastKnownFileType = sourcecode.swift; path = AppDelegate.swift; sourceTree = "<group>"; };
		F36EC54529CAACF5000523D3 /* SignInViewController.swift */ = {isa = PBXFileReference; lastKnownFileType = sourcecode.swift; path = SignInViewController.swift; sourceTree = "<group>"; };
		F36EC54A29CAACF9000523D3 /* Assets.xcassets */ = {isa = PBXFileReference; lastKnownFileType = folder.assetcatalog; path = Assets.xcassets; sourceTree = "<group>"; };
		F36EC54D29CAACF9000523D3 /* Base */ = {isa = PBXFileReference; lastKnownFileType = file.storyboard; name = Base; path = Base.lproj/LaunchScreen.storyboard; sourceTree = "<group>"; };
		F36EC54F29CAACF9000523D3 /* Info.plist */ = {isa = PBXFileReference; lastKnownFileType = text.plist.xml; path = Info.plist; sourceTree = "<group>"; };
		F3A4149A29DA14EE00D3DEF4 /* HomeCoordinator.swift */ = {isa = PBXFileReference; lastKnownFileType = sourcecode.swift; path = HomeCoordinator.swift; sourceTree = "<group>"; };
		F3A4149D29DA20BF00D3DEF4 /* Observable.swift */ = {isa = PBXFileReference; lastKnownFileType = sourcecode.swift; path = Observable.swift; sourceTree = "<group>"; };
		F3A4149F29DA20DB00D3DEF4 /* User.swift */ = {isa = PBXFileReference; lastKnownFileType = sourcecode.swift; path = User.swift; sourceTree = "<group>"; };
		F3A414A229DA211800D3DEF4 /* UIImageViewExtension.swift */ = {isa = PBXFileReference; lastKnownFileType = sourcecode.swift; path = UIImageViewExtension.swift; sourceTree = "<group>"; };
		F3A414A529DA21D300D3DEF4 /* CircleImageView.swift */ = {isa = PBXFileReference; lastKnownFileType = sourcecode.swift; path = CircleImageView.swift; sourceTree = "<group>"; };
		F3A414A929DA223000D3DEF4 /* ProfileScreenViewController.swift */ = {isa = PBXFileReference; lastKnownFileType = sourcecode.swift; path = ProfileScreenViewController.swift; sourceTree = "<group>"; };
		F3A414AB29DA225100D3DEF4 /* ProfileScreenView.swift */ = {isa = PBXFileReference; lastKnownFileType = sourcecode.swift; path = ProfileScreenView.swift; sourceTree = "<group>"; };
		F3A414AD29DA226E00D3DEF4 /* ProfileScreenCollectionViewCell.swift */ = {isa = PBXFileReference; lastKnownFileType = sourcecode.swift; path = ProfileScreenCollectionViewCell.swift; sourceTree = "<group>"; };
		F3A414AF29DA228D00D3DEF4 /* ProfileInformationBlockView.swift */ = {isa = PBXFileReference; lastKnownFileType = sourcecode.swift; path = ProfileInformationBlockView.swift; sourceTree = "<group>"; };
		F3A414B129DA22FF00D3DEF4 /* IProfileViewModel.swift */ = {isa = PBXFileReference; lastKnownFileType = sourcecode.swift; path = IProfileViewModel.swift; sourceTree = "<group>"; };
		F3A414B329DA232600D3DEF4 /* ProfileViewModel.swift */ = {isa = PBXFileReference; lastKnownFileType = sourcecode.swift; path = ProfileViewModel.swift; sourceTree = "<group>"; };
		F3A414B529DA237400D3DEF4 /* Protocols.swift */ = {isa = PBXFileReference; lastKnownFileType = sourcecode.swift; path = Protocols.swift; sourceTree = "<group>"; };
		F3A4636F29DC71F20013E33C /* EpisodeScreenViewController.swift */ = {isa = PBXFileReference; lastKnownFileType = sourcecode.swift; path = EpisodeScreenViewController.swift; sourceTree = "<group>"; };
		F3A4637129DC720D0013E33C /* EpisodeScreenView.swift */ = {isa = PBXFileReference; lastKnownFileType = sourcecode.swift; path = EpisodeScreenView.swift; sourceTree = "<group>"; };
		F3A4637329DC77250013E33C /* video.mp4 */ = {isa = PBXFileReference; lastKnownFileType = file; path = video.mp4; sourceTree = "<group>"; };
		F3A4637529DC77E80013E33C /* VideoLooperView.swift */ = {isa = PBXFileReference; lastKnownFileType = sourcecode.swift; path = VideoLooperView.swift; sourceTree = "<group>"; };
		F3A4637729DC783F0013E33C /* VideoPlayerView.swift */ = {isa = PBXFileReference; lastKnownFileType = sourcecode.swift; path = VideoPlayerView.swift; sourceTree = "<group>"; };
		F3A4637929DC785D0013E33C /* Video.swift */ = {isa = PBXFileReference; lastKnownFileType = sourcecode.swift; path = Video.swift; sourceTree = "<group>"; };
		F3F3C3D929D31E4A002C9E45 /* Coordinator.swift */ = {isa = PBXFileReference; lastKnownFileType = sourcecode.swift; path = Coordinator.swift; sourceTree = "<group>"; };
		F3F3C3DB29D31E68002C9E45 /* AppCoordinator.swift */ = {isa = PBXFileReference; lastKnownFileType = sourcecode.swift; path = AppCoordinator.swift; sourceTree = "<group>"; };
		F3F3C3E129D31ED2002C9E45 /* SignInViewModel.swift */ = {isa = PBXFileReference; lastKnownFileType = sourcecode.swift; path = SignInViewModel.swift; sourceTree = "<group>"; };
		F3F3C3E529D32E80002C9E45 /* AuthCoordinator.swift */ = {isa = PBXFileReference; lastKnownFileType = sourcecode.swift; path = AuthCoordinator.swift; sourceTree = "<group>"; };
		F3F3C3E729D33578002C9E45 /* SignUpViewController.swift */ = {isa = PBXFileReference; lastKnownFileType = sourcecode.swift; path = SignUpViewController.swift; sourceTree = "<group>"; };
		F3F3C3EA29D3366A002C9E45 /* UICustomTextField.swift */ = {isa = PBXFileReference; lastKnownFileType = sourcecode.swift; path = UICustomTextField.swift; sourceTree = "<group>"; };
		F3F3C3EE29D3E18D002C9E45 /* Token.swift */ = {isa = PBXFileReference; lastKnownFileType = sourcecode.swift; path = Token.swift; sourceTree = "<group>"; };
		F3F3C3F029D3E283002C9E45 /* AuthUser.swift */ = {isa = PBXFileReference; lastKnownFileType = sourcecode.swift; path = AuthUser.swift; sourceTree = "<group>"; };
		F3F3C3F429D3E37D002C9E45 /* Navigation.swift */ = {isa = PBXFileReference; lastKnownFileType = sourcecode.swift; path = Navigation.swift; sourceTree = "<group>"; };
		F3F3C3F629D3E432002C9E45 /* ISignInViewModel.swift */ = {isa = PBXFileReference; lastKnownFileType = sourcecode.swift; path = ISignInViewModel.swift; sourceTree = "<group>"; };
		F3F3C3F829D3E448002C9E45 /* ISignUpViewModel.swift */ = {isa = PBXFileReference; lastKnownFileType = sourcecode.swift; path = ISignUpViewModel.swift; sourceTree = "<group>"; };
		F3F3C3FC29D3E4BC002C9E45 /* ApiRepository.swift */ = {isa = PBXFileReference; lastKnownFileType = sourcecode.swift; path = ApiRepository.swift; sourceTree = "<group>"; };
/* End PBXFileReference section */

/* Begin PBXFrameworksBuildPhase section */
		F36EC53B29CAACF5000523D3 /* Frameworks */ = {
			isa = PBXFrameworksBuildPhase;
			buildActionMask = 2147483647;
			files = (
				F352372729DA09F2002D2C80 /* KeychainSwift in Frameworks */,
				F36EC55729CACE2E000523D3 /* SnapKit in Frameworks */,
				F36EC55A29CACE44000523D3 /* Alamofire in Frameworks */,
			);
			runOnlyForDeploymentPostprocessing = 0;
		};
/* End PBXFrameworksBuildPhase section */

/* Begin PBXGroup section */
		F33CA41929D90BA70084D256 /* Resources */ = {
			isa = PBXGroup;
			children = (
				F33CA41A29D90BC70084D256 /* Fonts */,
			);
			path = Resources;
			sourceTree = "<group>";
		};
		F33CA41A29D90BC70084D256 /* Fonts */ = {
			isa = PBXGroup;
			children = (
				F33CA42129D90BEF0084D256 /* SFProText-Bold.ttf */,
				F33CA41F29D90BE80084D256 /* SFProText-Medium.ttf */,
				F33CA41D29D90BDF0084D256 /* SFProText-Regular.ttf */,
				F33CA41B29D90BD90084D256 /* SFProText-Semibold.ttf */,
			);
			path = Fonts;
			sourceTree = "<group>";
		};
		F352372129DA04AD002D2C80 /* Storyboards */ = {
			isa = PBXGroup;
			children = (
				F36EC54C29CAACF9000523D3 /* LaunchScreen.storyboard */,
			);
			path = Storyboards;
			sourceTree = "<group>";
		};
		F356E91A29CC675400D90D5C /* SignInScreen */ = {
			isa = PBXGroup;
			children = (
				F36EC54529CAACF5000523D3 /* SignInViewController.swift */,
				F356E91B29CC679600D90D5C /* SingInScreenView.swift */,
			);
			path = SignInScreen;
			sourceTree = "<group>";
		};
		F36EC53529CAACF5000523D3 = {
			isa = PBXGroup;
			children = (
				F36EC54029CAACF5000523D3 /* Cinema */,
				F36EC53F29CAACF5000523D3 /* Products */,
			);
			sourceTree = "<group>";
		};
		F36EC53F29CAACF5000523D3 /* Products */ = {
			isa = PBXGroup;
			children = (
				F36EC53E29CAACF5000523D3 /* Cinema.app */,
			);
			name = Products;
			sourceTree = "<group>";
		};
		F36EC54029CAACF5000523D3 /* Cinema */ = {
			isa = PBXGroup;
			children = (
				F36EC54129CAACF5000523D3 /* AppDelegate.swift */,
				F3F3C3D729D31DF3002C9E45 /* Coordinators */,
				F3F3C3FA29D3E4A5002C9E45 /* Services */,
				F3F3C3D629D31DE8002C9E45 /* ViewModels */,
				F3F3C3D529D31DE3002C9E45 /* Views */,
				F3F3C3D429D31DDC002C9E45 /* Models */,
				F33CA41929D90BA70084D256 /* Resources */,
				F36EC54A29CAACF9000523D3 /* Assets.xcassets */,
				F36EC54F29CAACF9000523D3 /* Info.plist */,
			);
			path = Cinema;
			sourceTree = "<group>";
		};
		F3A4149C29DA20B100D3DEF4 /* Bindings */ = {
			isa = PBXGroup;
			children = (
				F3A4149D29DA20BF00D3DEF4 /* Observable.swift */,
			);
			path = Bindings;
			sourceTree = "<group>";
		};
		F3A414A129DA210500D3DEF4 /* Extension */ = {
			isa = PBXGroup;
			children = (
				F33CA42729D910560084D256 /* UIColorExtension.swift */,
				F3A414A229DA211800D3DEF4 /* UIImageViewExtension.swift */,
			);
			path = Extension;
			sourceTree = "<group>";
		};
		F3A414A429DA213C00D3DEF4 /* CustomViews */ = {
			isa = PBXGroup;
			children = (
				F3A414A529DA21D300D3DEF4 /* CircleImageView.swift */,
			);
			path = CustomViews;
			sourceTree = "<group>";
		};
		F3A414A729DA21F000D3DEF4 /* TabBar */ = {
			isa = PBXGroup;
			children = (
				F33CA42529D90FFF0084D256 /* TabBarViewController.swift */,
			);
			path = TabBar;
			sourceTree = "<group>";
		};
		F3A414A829DA220200D3DEF4 /* ProfileScreen */ = {
			isa = PBXGroup;
			children = (
				F3A414A929DA223000D3DEF4 /* ProfileScreenViewController.swift */,
				F3A414AB29DA225100D3DEF4 /* ProfileScreenView.swift */,
				F3A414AD29DA226E00D3DEF4 /* ProfileScreenCollectionViewCell.swift */,
				F3A414AF29DA228D00D3DEF4 /* ProfileInformationBlockView.swift */,
			);
			path = ProfileScreen;
			sourceTree = "<group>";
		};
		F3A4636E29DC71AC0013E33C /* EpisodeScreen */ = {
			isa = PBXGroup;
			children = (
				F3A4636F29DC71F20013E33C /* EpisodeScreenViewController.swift */,
				F3A4637129DC720D0013E33C /* EpisodeScreenView.swift */,
				F3A4637529DC77E80013E33C /* VideoLooperView.swift */,
				F3A4637729DC783F0013E33C /* VideoPlayerView.swift */,
				F3A4637929DC785D0013E33C /* Video.swift */,
			);
			path = EpisodeScreen;
			sourceTree = "<group>";
		};
		F3F3C3D429D31DDC002C9E45 /* Models */ = {
			isa = PBXGroup;
			children = (
				F3A4149C29DA20B100D3DEF4 /* Bindings */,
				F3F3C3EE29D3E18D002C9E45 /* Token.swift */,
				F3F3C3F029D3E283002C9E45 /* AuthUser.swift */,
				F3A4149F29DA20DB00D3DEF4 /* User.swift */,
			);
			path = Models;
			sourceTree = "<group>";
		};
		F3F3C3D529D31DE3002C9E45 /* Views */ = {
			isa = PBXGroup;
			children = (
				F3A4637329DC77250013E33C /* video.mp4 */,
				F352372129DA04AD002D2C80 /* Storyboards */,
				F3F3C3DF29D31E9D002C9E45 /* AuthScreens */,
				F3A414A729DA21F000D3DEF4 /* TabBar */,
				F3A4636E29DC71AC0013E33C /* EpisodeScreen */,
				F3A414A829DA220200D3DEF4 /* ProfileScreen */,
				F3A414A429DA213C00D3DEF4 /* CustomViews */,
				F3A414A129DA210500D3DEF4 /* Extension */,
			);
			path = Views;
			sourceTree = "<group>";
		};
		F3F3C3D629D31DE8002C9E45 /* ViewModels */ = {
			isa = PBXGroup;
			children = (
				F3F3C3F229D3E359002C9E45 /* Protocols */,
				F3F3C3E129D31ED2002C9E45 /* SignInViewModel.swift */,
				F3A414B329DA232600D3DEF4 /* ProfileViewModel.swift */,
			);
			path = ViewModels;
			sourceTree = "<group>";
		};
		F3F3C3D729D31DF3002C9E45 /* Coordinators */ = {
			isa = PBXGroup;
			children = (
				F3F3C3D829D31E3F002C9E45 /* Protocol */,
				F3F3C3DB29D31E68002C9E45 /* AppCoordinator.swift */,
				F3F3C3E529D32E80002C9E45 /* AuthCoordinator.swift */,
				F3A4149A29DA14EE00D3DEF4 /* HomeCoordinator.swift */,
			);
			path = Coordinators;
			sourceTree = "<group>";
		};
		F3F3C3D829D31E3F002C9E45 /* Protocol */ = {
			isa = PBXGroup;
			children = (
				F3F3C3D929D31E4A002C9E45 /* Coordinator.swift */,
			);
			path = Protocol;
			sourceTree = "<group>";
		};
		F3F3C3DF29D31E9D002C9E45 /* AuthScreens */ = {
			isa = PBXGroup;
			children = (
				F3F3C3EA29D3366A002C9E45 /* UICustomTextField.swift */,
				F3F3C3E929D33589002C9E45 /* SignUpScreen */,
				F356E91A29CC675400D90D5C /* SignInScreen */,
			);
			path = AuthScreens;
			sourceTree = "<group>";
		};
		F3F3C3E929D33589002C9E45 /* SignUpScreen */ = {
			isa = PBXGroup;
			children = (
				F3F3C3E729D33578002C9E45 /* SignUpViewController.swift */,
				F352372229DA04CD002D2C80 /* SignUpScreenView.swift */,
			);
			path = SignUpScreen;
			sourceTree = "<group>";
		};
		F3F3C3F229D3E359002C9E45 /* Protocols */ = {
			isa = PBXGroup;
			children = (
				F3F3C3F429D3E37D002C9E45 /* Navigation.swift */,
				F3F3C3F629D3E432002C9E45 /* ISignInViewModel.swift */,
				F3F3C3F829D3E448002C9E45 /* ISignUpViewModel.swift */,
				F3A414B129DA22FF00D3DEF4 /* IProfileViewModel.swift */,
			);
			path = Protocols;
			sourceTree = "<group>";
		};
		F3F3C3FA29D3E4A5002C9E45 /* Services */ = {
			isa = PBXGroup;
			children = (
				F3F3C3FB29D3E4AE002C9E45 /* Api */,
			);
			path = Services;
			sourceTree = "<group>";
		};
		F3F3C3FB29D3E4AE002C9E45 /* Api */ = {
			isa = PBXGroup;
			children = (
				F3F3C3FC29D3E4BC002C9E45 /* ApiRepository.swift */,
				F3A414B529DA237400D3DEF4 /* Protocols.swift */,
			);
			path = Api;
			sourceTree = "<group>";
		};
/* End PBXGroup section */

/* Begin PBXNativeTarget section */
		F36EC53D29CAACF5000523D3 /* Cinema */ = {
			isa = PBXNativeTarget;
			buildConfigurationList = F36EC55229CAACF9000523D3 /* Build configuration list for PBXNativeTarget "Cinema" */;
			buildPhases = (
				F36EC53A29CAACF5000523D3 /* Sources */,
				F36EC53B29CAACF5000523D3 /* Frameworks */,
				F36EC53C29CAACF5000523D3 /* Resources */,
			);
			buildRules = (
			);
			dependencies = (
			);
			name = Cinema;
			packageProductDependencies = (
				F36EC55629CACE2E000523D3 /* SnapKit */,
				F36EC55929CACE44000523D3 /* Alamofire */,
				F352372629DA09F2002D2C80 /* KeychainSwift */,
			);
			productName = Cinema;
			productReference = F36EC53E29CAACF5000523D3 /* Cinema.app */;
			productType = "com.apple.product-type.application";
		};
/* End PBXNativeTarget section */

/* Begin PBXProject section */
		F36EC53629CAACF5000523D3 /* Project object */ = {
			isa = PBXProject;
			attributes = {
				BuildIndependentTargetsInParallel = 1;
				LastSwiftUpdateCheck = 1420;
				LastUpgradeCheck = 1420;
				TargetAttributes = {
					F36EC53D29CAACF5000523D3 = {
						CreatedOnToolsVersion = 14.2;
					};
				};
			};
			buildConfigurationList = F36EC53929CAACF5000523D3 /* Build configuration list for PBXProject "Cinema" */;
			compatibilityVersion = "Xcode 14.0";
			developmentRegion = en;
			hasScannedForEncodings = 0;
			knownRegions = (
				en,
				Base,
			);
			mainGroup = F36EC53529CAACF5000523D3;
			packageReferences = (
				F36EC55529CACE2E000523D3 /* XCRemoteSwiftPackageReference "SnapKit" */,
				F36EC55829CACE44000523D3 /* XCRemoteSwiftPackageReference "Alamofire" */,
				F352372529DA09F2002D2C80 /* XCRemoteSwiftPackageReference "keychain-swift" */,
			);
			productRefGroup = F36EC53F29CAACF5000523D3 /* Products */;
			projectDirPath = "";
			projectRoot = "";
			targets = (
				F36EC53D29CAACF5000523D3 /* Cinema */,
			);
		};
/* End PBXProject section */

/* Begin PBXResourcesBuildPhase section */
		F36EC53C29CAACF5000523D3 /* Resources */ = {
			isa = PBXResourcesBuildPhase;
			buildActionMask = 2147483647;
			files = (
				F36EC54E29CAACF9000523D3 /* LaunchScreen.storyboard in Resources */,
				F33CA42229D90BEF0084D256 /* SFProText-Bold.ttf in Resources */,
				F36EC54B29CAACF9000523D3 /* Assets.xcassets in Resources */,
				F33CA41C29D90BD90084D256 /* SFProText-Semibold.ttf in Resources */,
				F3A4637429DC77250013E33C /* video.mp4 in Resources */,
				F33CA41E29D90BDF0084D256 /* SFProText-Regular.ttf in Resources */,
				F33CA42029D90BE80084D256 /* SFProText-Medium.ttf in Resources */,
			);
			runOnlyForDeploymentPostprocessing = 0;
		};
/* End PBXResourcesBuildPhase section */

/* Begin PBXSourcesBuildPhase section */
		F36EC53A29CAACF5000523D3 /* Sources */ = {
			isa = PBXSourcesBuildPhase;
			buildActionMask = 2147483647;
			files = (
				F3A4149B29DA14EE00D3DEF4 /* HomeCoordinator.swift in Sources */,
				F3F3C3DA29D31E4A002C9E45 /* Coordinator.swift in Sources */,
				F3A414B429DA232600D3DEF4 /* ProfileViewModel.swift in Sources */,
				F3A4637829DC783F0013E33C /* VideoPlayerView.swift in Sources */,
				F3F3C3F929D3E448002C9E45 /* ISignUpViewModel.swift in Sources */,
				F36EC54629CAACF5000523D3 /* SignInViewController.swift in Sources */,
				F3A414AC29DA225100D3DEF4 /* ProfileScreenView.swift in Sources */,
				F33CA42829D910560084D256 /* UIColorExtension.swift in Sources */,
				F33CA42629D90FFF0084D256 /* TabBarViewController.swift in Sources */,
				F3A4637629DC77E80013E33C /* VideoLooperView.swift in Sources */,
				F3F3C3E829D33578002C9E45 /* SignUpViewController.swift in Sources */,
				F3F3C3DC29D31E68002C9E45 /* AppCoordinator.swift in Sources */,
				F3F3C3E229D31ED2002C9E45 /* SignInViewModel.swift in Sources */,
				F3F3C3E629D32E80002C9E45 /* AuthCoordinator.swift in Sources */,
				F3A414A029DA20DB00D3DEF4 /* User.swift in Sources */,
				F3A4149E29DA20BF00D3DEF4 /* Observable.swift in Sources */,
				F3F3C3FD29D3E4BC002C9E45 /* ApiRepository.swift in Sources */,
				F3A414B629DA237400D3DEF4 /* Protocols.swift in Sources */,
				F36EC54229CAACF5000523D3 /* AppDelegate.swift in Sources */,
				F3A4637A29DC785D0013E33C /* Video.swift in Sources */,
				F3F3C3F129D3E283002C9E45 /* AuthUser.swift in Sources */,
				F3A414B229DA22FF00D3DEF4 /* IProfileViewModel.swift in Sources */,
				F3A414A629DA21D300D3DEF4 /* CircleImageView.swift in Sources */,
				F3F3C3F529D3E37D002C9E45 /* Navigation.swift in Sources */,
				F3A414AE29DA226E00D3DEF4 /* ProfileScreenCollectionViewCell.swift in Sources */,
				F3A4637229DC720D0013E33C /* EpisodeScreenView.swift in Sources */,
				F3A414AA29DA223000D3DEF4 /* ProfileScreenViewController.swift in Sources */,
				F3A414A329DA211800D3DEF4 /* UIImageViewExtension.swift in Sources */,
				F356E91C29CC679600D90D5C /* SingInScreenView.swift in Sources */,
				F3F3C3EB29D3366A002C9E45 /* UICustomTextField.swift in Sources */,
				F3F3C3F729D3E432002C9E45 /* ISignInViewModel.swift in Sources */,
				F352372329DA04CD002D2C80 /* SignUpScreenView.swift in Sources */,
				F3F3C3EF29D3E18D002C9E45 /* Token.swift in Sources */,
				F3A414B029DA228D00D3DEF4 /* ProfileInformationBlockView.swift in Sources */,
				F3A4637029DC71F20013E33C /* EpisodeScreenViewController.swift in Sources */,
			);
			runOnlyForDeploymentPostprocessing = 0;
		};
/* End PBXSourcesBuildPhase section */

/* Begin PBXVariantGroup section */
		F36EC54C29CAACF9000523D3 /* LaunchScreen.storyboard */ = {
			isa = PBXVariantGroup;
			children = (
				F36EC54D29CAACF9000523D3 /* Base */,
			);
			name = LaunchScreen.storyboard;
			sourceTree = "<group>";
		};
/* End PBXVariantGroup section */

/* Begin XCBuildConfiguration section */
		F36EC55029CAACF9000523D3 /* Debug */ = {
			isa = XCBuildConfiguration;
			buildSettings = {
				ALWAYS_SEARCH_USER_PATHS = NO;
				CLANG_ANALYZER_NONNULL = YES;
				CLANG_ANALYZER_NUMBER_OBJECT_CONVERSION = YES_AGGRESSIVE;
				CLANG_CXX_LANGUAGE_STANDARD = "gnu++20";
				CLANG_ENABLE_MODULES = YES;
				CLANG_ENABLE_OBJC_ARC = YES;
				CLANG_ENABLE_OBJC_WEAK = YES;
				CLANG_WARN_BLOCK_CAPTURE_AUTORELEASING = YES;
				CLANG_WARN_BOOL_CONVERSION = YES;
				CLANG_WARN_COMMA = YES;
				CLANG_WARN_CONSTANT_CONVERSION = YES;
				CLANG_WARN_DEPRECATED_OBJC_IMPLEMENTATIONS = YES;
				CLANG_WARN_DIRECT_OBJC_ISA_USAGE = YES_ERROR;
				CLANG_WARN_DOCUMENTATION_COMMENTS = YES;
				CLANG_WARN_EMPTY_BODY = YES;
				CLANG_WARN_ENUM_CONVERSION = YES;
				CLANG_WARN_INFINITE_RECURSION = YES;
				CLANG_WARN_INT_CONVERSION = YES;
				CLANG_WARN_NON_LITERAL_NULL_CONVERSION = YES;
				CLANG_WARN_OBJC_IMPLICIT_RETAIN_SELF = YES;
				CLANG_WARN_OBJC_LITERAL_CONVERSION = YES;
				CLANG_WARN_OBJC_ROOT_CLASS = YES_ERROR;
				CLANG_WARN_QUOTED_INCLUDE_IN_FRAMEWORK_HEADER = YES;
				CLANG_WARN_RANGE_LOOP_ANALYSIS = YES;
				CLANG_WARN_STRICT_PROTOTYPES = YES;
				CLANG_WARN_SUSPICIOUS_MOVE = YES;
				CLANG_WARN_UNGUARDED_AVAILABILITY = YES_AGGRESSIVE;
				CLANG_WARN_UNREACHABLE_CODE = YES;
				CLANG_WARN__DUPLICATE_METHOD_MATCH = YES;
				COPY_PHASE_STRIP = NO;
				DEBUG_INFORMATION_FORMAT = dwarf;
				ENABLE_STRICT_OBJC_MSGSEND = YES;
				ENABLE_TESTABILITY = YES;
				GCC_C_LANGUAGE_STANDARD = gnu11;
				GCC_DYNAMIC_NO_PIC = NO;
				GCC_NO_COMMON_BLOCKS = YES;
				GCC_OPTIMIZATION_LEVEL = 0;
				GCC_PREPROCESSOR_DEFINITIONS = (
					"DEBUG=1",
					"$(inherited)",
				);
				GCC_WARN_64_TO_32_BIT_CONVERSION = YES;
				GCC_WARN_ABOUT_RETURN_TYPE = YES_ERROR;
				GCC_WARN_UNDECLARED_SELECTOR = YES;
				GCC_WARN_UNINITIALIZED_AUTOS = YES_AGGRESSIVE;
				GCC_WARN_UNUSED_FUNCTION = YES;
				GCC_WARN_UNUSED_VARIABLE = YES;
				IPHONEOS_DEPLOYMENT_TARGET = 16.2;
				MTL_ENABLE_DEBUG_INFO = INCLUDE_SOURCE;
				MTL_FAST_MATH = YES;
				ONLY_ACTIVE_ARCH = YES;
				SDKROOT = iphoneos;
				SWIFT_ACTIVE_COMPILATION_CONDITIONS = DEBUG;
				SWIFT_OPTIMIZATION_LEVEL = "-Onone";
			};
			name = Debug;
		};
		F36EC55129CAACF9000523D3 /* Release */ = {
			isa = XCBuildConfiguration;
			buildSettings = {
				ALWAYS_SEARCH_USER_PATHS = NO;
				CLANG_ANALYZER_NONNULL = YES;
				CLANG_ANALYZER_NUMBER_OBJECT_CONVERSION = YES_AGGRESSIVE;
				CLANG_CXX_LANGUAGE_STANDARD = "gnu++20";
				CLANG_ENABLE_MODULES = YES;
				CLANG_ENABLE_OBJC_ARC = YES;
				CLANG_ENABLE_OBJC_WEAK = YES;
				CLANG_WARN_BLOCK_CAPTURE_AUTORELEASING = YES;
				CLANG_WARN_BOOL_CONVERSION = YES;
				CLANG_WARN_COMMA = YES;
				CLANG_WARN_CONSTANT_CONVERSION = YES;
				CLANG_WARN_DEPRECATED_OBJC_IMPLEMENTATIONS = YES;
				CLANG_WARN_DIRECT_OBJC_ISA_USAGE = YES_ERROR;
				CLANG_WARN_DOCUMENTATION_COMMENTS = YES;
				CLANG_WARN_EMPTY_BODY = YES;
				CLANG_WARN_ENUM_CONVERSION = YES;
				CLANG_WARN_INFINITE_RECURSION = YES;
				CLANG_WARN_INT_CONVERSION = YES;
				CLANG_WARN_NON_LITERAL_NULL_CONVERSION = YES;
				CLANG_WARN_OBJC_IMPLICIT_RETAIN_SELF = YES;
				CLANG_WARN_OBJC_LITERAL_CONVERSION = YES;
				CLANG_WARN_OBJC_ROOT_CLASS = YES_ERROR;
				CLANG_WARN_QUOTED_INCLUDE_IN_FRAMEWORK_HEADER = YES;
				CLANG_WARN_RANGE_LOOP_ANALYSIS = YES;
				CLANG_WARN_STRICT_PROTOTYPES = YES;
				CLANG_WARN_SUSPICIOUS_MOVE = YES;
				CLANG_WARN_UNGUARDED_AVAILABILITY = YES_AGGRESSIVE;
				CLANG_WARN_UNREACHABLE_CODE = YES;
				CLANG_WARN__DUPLICATE_METHOD_MATCH = YES;
				COPY_PHASE_STRIP = NO;
				DEBUG_INFORMATION_FORMAT = "dwarf-with-dsym";
				ENABLE_NS_ASSERTIONS = NO;
				ENABLE_STRICT_OBJC_MSGSEND = YES;
				GCC_C_LANGUAGE_STANDARD = gnu11;
				GCC_NO_COMMON_BLOCKS = YES;
				GCC_WARN_64_TO_32_BIT_CONVERSION = YES;
				GCC_WARN_ABOUT_RETURN_TYPE = YES_ERROR;
				GCC_WARN_UNDECLARED_SELECTOR = YES;
				GCC_WARN_UNINITIALIZED_AUTOS = YES_AGGRESSIVE;
				GCC_WARN_UNUSED_FUNCTION = YES;
				GCC_WARN_UNUSED_VARIABLE = YES;
				IPHONEOS_DEPLOYMENT_TARGET = 16.2;
				MTL_ENABLE_DEBUG_INFO = NO;
				MTL_FAST_MATH = YES;
				SDKROOT = iphoneos;
				SWIFT_COMPILATION_MODE = wholemodule;
				SWIFT_OPTIMIZATION_LEVEL = "-O";
				VALIDATE_PRODUCT = YES;
			};
			name = Release;
		};
		F36EC55329CAACF9000523D3 /* Debug */ = {
			isa = XCBuildConfiguration;
			buildSettings = {
				ASSETCATALOG_COMPILER_APPICON_NAME = AppIcon;
				ASSETCATALOG_COMPILER_GLOBAL_ACCENT_COLOR_NAME = AccentColor;
				CODE_SIGN_STYLE = Automatic;
				CURRENT_PROJECT_VERSION = 1;
				DEVELOPMENT_TEAM = 8F9BJF9KQ5;
				GENERATE_INFOPLIST_FILE = YES;
				INFOPLIST_FILE = Cinema/Info.plist;
				INFOPLIST_KEY_UIApplicationSupportsIndirectInputEvents = YES;
				INFOPLIST_KEY_UILaunchStoryboardName = LaunchScreen;
				INFOPLIST_KEY_UIStatusBarStyle = UIStatusBarStyleLightContent;
				INFOPLIST_KEY_UISupportedInterfaceOrientations = "UIInterfaceOrientationPortrait UIInterfaceOrientationPortraitUpsideDown";
				INFOPLIST_KEY_UISupportedInterfaceOrientations_iPad = UIInterfaceOrientationPortrait;
				IPHONEOS_DEPLOYMENT_TARGET = 13.0;
				LD_RUNPATH_SEARCH_PATHS = (
					"$(inherited)",
					"@executable_path/Frameworks",
				);
				MARKETING_VERSION = 1.0;
				PRODUCT_BUNDLE_IDENTIFIER = tsu.Cinema;
				PRODUCT_NAME = "$(TARGET_NAME)";
				SUPPORTED_PLATFORMS = "iphoneos iphonesimulator";
				SUPPORTS_MACCATALYST = NO;
				SUPPORTS_MAC_DESIGNED_FOR_IPHONE_IPAD = NO;
				SWIFT_EMIT_LOC_STRINGS = YES;
				SWIFT_VERSION = 5.0;
				TARGETED_DEVICE_FAMILY = 1;
			};
			name = Debug;
		};
		F36EC55429CAACF9000523D3 /* Release */ = {
			isa = XCBuildConfiguration;
			buildSettings = {
				ASSETCATALOG_COMPILER_APPICON_NAME = AppIcon;
				ASSETCATALOG_COMPILER_GLOBAL_ACCENT_COLOR_NAME = AccentColor;
				CODE_SIGN_STYLE = Automatic;
				CURRENT_PROJECT_VERSION = 1;
				DEVELOPMENT_TEAM = 8F9BJF9KQ5;
				GENERATE_INFOPLIST_FILE = YES;
				INFOPLIST_FILE = Cinema/Info.plist;
				INFOPLIST_KEY_UIApplicationSupportsIndirectInputEvents = YES;
				INFOPLIST_KEY_UILaunchStoryboardName = LaunchScreen;
				INFOPLIST_KEY_UIStatusBarStyle = UIStatusBarStyleLightContent;
				INFOPLIST_KEY_UISupportedInterfaceOrientations = "UIInterfaceOrientationPortrait UIInterfaceOrientationPortraitUpsideDown";
				INFOPLIST_KEY_UISupportedInterfaceOrientations_iPad = UIInterfaceOrientationPortrait;
				IPHONEOS_DEPLOYMENT_TARGET = 13.0;
				LD_RUNPATH_SEARCH_PATHS = (
					"$(inherited)",
					"@executable_path/Frameworks",
				);
				MARKETING_VERSION = 1.0;
				PRODUCT_BUNDLE_IDENTIFIER = tsu.Cinema;
				PRODUCT_NAME = "$(TARGET_NAME)";
				SUPPORTED_PLATFORMS = "iphoneos iphonesimulator";
				SUPPORTS_MACCATALYST = NO;
				SUPPORTS_MAC_DESIGNED_FOR_IPHONE_IPAD = NO;
				SWIFT_EMIT_LOC_STRINGS = YES;
				SWIFT_VERSION = 5.0;
				TARGETED_DEVICE_FAMILY = 1;
			};
			name = Release;
		};
/* End XCBuildConfiguration section */

/* Begin XCConfigurationList section */
		F36EC53929CAACF5000523D3 /* Build configuration list for PBXProject "Cinema" */ = {
			isa = XCConfigurationList;
			buildConfigurations = (
				F36EC55029CAACF9000523D3 /* Debug */,
				F36EC55129CAACF9000523D3 /* Release */,
			);
			defaultConfigurationIsVisible = 0;
			defaultConfigurationName = Release;
		};
		F36EC55229CAACF9000523D3 /* Build configuration list for PBXNativeTarget "Cinema" */ = {
			isa = XCConfigurationList;
			buildConfigurations = (
				F36EC55329CAACF9000523D3 /* Debug */,
				F36EC55429CAACF9000523D3 /* Release */,
			);
			defaultConfigurationIsVisible = 0;
			defaultConfigurationName = Release;
		};
/* End XCConfigurationList section */

/* Begin XCRemoteSwiftPackageReference section */
		F352372529DA09F2002D2C80 /* XCRemoteSwiftPackageReference "keychain-swift" */ = {
			isa = XCRemoteSwiftPackageReference;
			repositoryURL = "https://github.com/evgenyneu/keychain-swift.git";
			requirement = {
				branch = master;
				kind = branch;
			};
		};
		F36EC55529CACE2E000523D3 /* XCRemoteSwiftPackageReference "SnapKit" */ = {
			isa = XCRemoteSwiftPackageReference;
			repositoryURL = "https://github.com/SnapKit/SnapKit.git";
			requirement = {
				branch = develop;
				kind = branch;
			};
		};
		F36EC55829CACE44000523D3 /* XCRemoteSwiftPackageReference "Alamofire" */ = {
			isa = XCRemoteSwiftPackageReference;
			repositoryURL = "https://github.com/Alamofire/Alamofire.git";
			requirement = {
				branch = master;
				kind = branch;
			};
		};
/* End XCRemoteSwiftPackageReference section */

/* Begin XCSwiftPackageProductDependency section */
		F352372629DA09F2002D2C80 /* KeychainSwift */ = {
			isa = XCSwiftPackageProductDependency;
			package = F352372529DA09F2002D2C80 /* XCRemoteSwiftPackageReference "keychain-swift" */;
			productName = KeychainSwift;
		};
		F36EC55629CACE2E000523D3 /* SnapKit */ = {
			isa = XCSwiftPackageProductDependency;
			package = F36EC55529CACE2E000523D3 /* XCRemoteSwiftPackageReference "SnapKit" */;
			productName = SnapKit;
		};
		F36EC55929CACE44000523D3 /* Alamofire */ = {
			isa = XCSwiftPackageProductDependency;
			package = F36EC55829CACE44000523D3 /* XCRemoteSwiftPackageReference "Alamofire" */;
			productName = Alamofire;
		};
/* End XCSwiftPackageProductDependency section */
	};
	rootObject = F36EC53629CAACF5000523D3 /* Project object */;
}
