// !$*UTF8*$!
{
	archiveVersion = 1;
	classes = {
	};
	objectVersion = 52;
	objects = {

/* Begin PBXBuildFile section */
		046F90D8CA32E92F62739B13 /* ISignInViewModel.swift in Sources */ = {isa = PBXBuildFile; fileRef = 0183517C3ED716C2669FF5AF /* ISignInViewModel.swift */; };
		05BCD2DE7A9563316478C0E0 /* KeychainSwift in Frameworks */ = {isa = PBXBuildFile; productRef = 630C161B64303AA52DF2F086 /* KeychainSwift */; };
		09A6F2753FCE909125575117 /* SFProText-Regular.ttf in Resources */ = {isa = PBXBuildFile; fileRef = 27C43590ED08A98E88FB94FC /* SFProText-Regular.ttf */; };
		0A9AA5643EB129C1E313C177 /* Tag.swift in Sources */ = {isa = PBXBuildFile; fileRef = 53DEBFE4B19BE94B278178C3 /* Tag.swift */; };
		0C2C234BCE811064A7750E01 /* RecomendationMovieCollectionViewCell.swift in Sources */ = {isa = PBXBuildFile; fileRef = 972768A4AC7F8C168A3C1990 /* RecomendationMovieCollectionViewCell.swift */; };
		0D3E1C31E98390CA3B8F4918 /* AppDelegate.swift in Sources */ = {isa = PBXBuildFile; fileRef = C0BD8C68F8802DF796648BE2 /* AppDelegate.swift */; };
		10D3EE6A4FDFEBE00953676E /* EpisodeScreenViewController.swift in Sources */ = {isa = PBXBuildFile; fileRef = E741903C8BE12EEAB30AA82C /* EpisodeScreenViewController.swift */; };
		10F1D20EFC999BF08178BA08 /* RecomendationMoviesBlockView.swift in Sources */ = {isa = PBXBuildFile; fileRef = 29E0D6CB48D9BD22DF1EA60F /* RecomendationMoviesBlockView.swift */; };
		13A13AF30E33FDE4774926FB /* ContentMainScreenView.swift in Sources */ = {isa = PBXBuildFile; fileRef = 168CC7BD2306CFCD327EA910 /* ContentMainScreenView.swift */; };
		1588C30C73BF2FFC31359A25 /* Movie.swift in Sources */ = {isa = PBXBuildFile; fileRef = 6715960FB373EA1CAE34221F /* Movie.swift */; };
		17F0738C56C5FE000AD7B1FA /* Episode.swift in Sources */ = {isa = PBXBuildFile; fileRef = B35818B4A6C4042FA5E7AB1B /* Episode.swift */; };
		196841B25AE568637A67FF5B /* VideoPlayerView.swift in Sources */ = {isa = PBXBuildFile; fileRef = CCB3FF7B43EEBF436E8071EC /* VideoPlayerView.swift */; };
		1F3EA29B0C9952BC04651C2E /* UICustomTextField.swift in Sources */ = {isa = PBXBuildFile; fileRef = F2F29B8773DD64E13E49D9EF /* UICustomTextField.swift */; };
		223D830CF803C8BC3F80B1D0 /* SFProText-Bold.ttf in Resources */ = {isa = PBXBuildFile; fileRef = 3B1089A0596E50F78B8DA545 /* SFProText-Bold.ttf */; };
		27C6401BC4F806A72C374011 /* Protocols.swift in Sources */ = {isa = PBXBuildFile; fileRef = 5CBDAB137B328B69FBB7C59E /* Protocols.swift */; };
		28D76CC82B4B8969D8A3964D /* NewMoviesBlockView.swift in Sources */ = {isa = PBXBuildFile; fileRef = FBED466D911C19A9E5D5B292 /* NewMoviesBlockView.swift */; };
		31E5E793015682C7804B5C65 /* InformationMovieBlockView.swift in Sources */ = {isa = PBXBuildFile; fileRef = BE0B4679B6FA5D719B5A5037 /* InformationMovieBlockView.swift */; };
		355F46D4E167B85F676C9B7A /* LastWatchMovieBlockView.swift in Sources */ = {isa = PBXBuildFile; fileRef = 2D39724D1FDD17DA9FC08633 /* LastWatchMovieBlockView.swift */; };
		3AE6E398BD1A8122636D7EE2 /* LaunchScreen.storyboard in Resources */ = {isa = PBXBuildFile; fileRef = 767C5B897A8A2A6C41AF7B59 /* LaunchScreen.storyboard */; };
		3B515F4B537ED891DFCB62F1 /* ApiRepository.swift in Sources */ = {isa = PBXBuildFile; fileRef = 82F467DAABBD78703C4D40B1 /* ApiRepository.swift */; };
		3C10E47835DB31E4590EE3A7 /* ProfileScreenViewController.swift in Sources */ = {isa = PBXBuildFile; fileRef = 4BBF9D3D4D441A638ABBA526 /* ProfileScreenViewController.swift */; };
		3C81E7EE7A307A6C4662F572 /* SignUpScreenView.swift in Sources */ = {isa = PBXBuildFile; fileRef = 9AED34B305382379EF24B17D /* SignUpScreenView.swift */; };
		43E46CDA76243BA5337FA4F6 /* ISignUpViewModel.swift in Sources */ = {isa = PBXBuildFile; fileRef = 2DB5F23EE5A827D91FADFBA5 /* ISignUpViewModel.swift */; };
		4A7D654244EFC3C27A0511B8 /* SFProText-Medium.ttf in Resources */ = {isa = PBXBuildFile; fileRef = 222A386987159657E348E8FF /* SFProText-Medium.ttf */; };
		4B6630C321F7FB566A941249 /* FootageMovieView.swift in Sources */ = {isa = PBXBuildFile; fileRef = 870A047D48DC2A689921E7B3 /* FootageMovieView.swift */; };
		4E8FF0151021B674E175498D /* MainScreenViewController.swift in Sources */ = {isa = PBXBuildFile; fileRef = C918E6BBC34751E0A54E4091 /* MainScreenViewController.swift */; };
		53EC33C1958C1C22C9E5D05D /* Coordinator.swift in Sources */ = {isa = PBXBuildFile; fileRef = 08FAFC509C755970DF63F90B /* Coordinator.swift */; };
		582C26731ADE6522BF47E68B /* SingInScreenView.swift in Sources */ = {isa = PBXBuildFile; fileRef = AC72DF3D36EB2CF3FEF4BFF9 /* SingInScreenView.swift */; };
		5B95F9E1188F968924B7EB43 /* User.swift in Sources */ = {isa = PBXBuildFile; fileRef = 938663EDEDA73263C5B6ED55 /* User.swift */; };
		628329DA4F2B9C3E0A964D17 /* Observable.swift in Sources */ = {isa = PBXBuildFile; fileRef = 2D8BED3937B40B370710B2CA /* Observable.swift */; };
		641229385A4EC67ED79901EE /* NewMovieCollectionViewCell.swift in Sources */ = {isa = PBXBuildFile; fileRef = 34276956CAD8A75D8CDB3734 /* NewMovieCollectionViewCell.swift */; };
		64D29EF9B2C231CF128A9D1B /* CoverMovie.swift in Sources */ = {isa = PBXBuildFile; fileRef = CB2F7836A1541F71260D4F92 /* CoverMovie.swift */; };
		6758ED7BD8FC41D112EBA903 /* AuthViewModel.swift in Sources */ = {isa = PBXBuildFile; fileRef = 7FB0FCE1A3DF28AED0BC35EC /* AuthViewModel.swift */; };
		67948ACBF5BEF2776D23D99A /* CircleImageView.swift in Sources */ = {isa = PBXBuildFile; fileRef = 3B98E04F83C6C90C758B5127 /* CircleImageView.swift */; };
		6CE86809E46E68E0F2EC887C /* HomeCoordinator.swift in Sources */ = {isa = PBXBuildFile; fileRef = 5205325C13A157C1B4693CB7 /* HomeCoordinator.swift */; };
		6FB57ED0A81767D408FDD1ED /* UIColorExtension.swift in Sources */ = {isa = PBXBuildFile; fileRef = BD84CC129B94D92216D05020 /* UIColorExtension.swift */; };
		7DE3087B85403ACA59E9D1A5 /* SignInViewController.swift in Sources */ = {isa = PBXBuildFile; fileRef = 6B84C8B6EB4AEECEE9221D01 /* SignInViewController.swift */; };
		7E0314BFAFBF1CD2EA184244 /* EpisodeScreenTableViewCell.swift in Sources */ = {isa = PBXBuildFile; fileRef = 33F2566DCAFD2F8C240A4AF0 /* EpisodeScreenTableViewCell.swift */; };
		8209A44BA41B65508968E11A /* Assets.xcassets in Resources */ = {isa = PBXBuildFile; fileRef = C938C3BDAD6776A47E6C5A38 /* Assets.xcassets */; };
		8E20BE80BB8B017AE6344D1F /* ProfileScreenCollectionViewCell.swift in Sources */ = {isa = PBXBuildFile; fileRef = 6A2B3809DCF2D81DE523B4AB /* ProfileScreenCollectionViewCell.swift */; };
		8FF7CAB7FE73D1CA04642BD8 /* TrendMovieCollectionViewCell.swift in Sources */ = {isa = PBXBuildFile; fileRef = 0E0B38506E81D16B29B49444 /* TrendMovieCollectionViewCell.swift */; };
		91B6BC727CCFE65527D8B83F /* SFProText-Semibold.ttf in Resources */ = {isa = PBXBuildFile; fileRef = 60237F4B8B08D5CCD873A71E /* SFProText-Semibold.ttf */; };
		9A63AABD92B824360925C1A5 /* FootageMovieCollectionViewCell.swift in Sources */ = {isa = PBXBuildFile; fileRef = 6A338137F85D93C3D834006D /* FootageMovieCollectionViewCell.swift */; };
		9DAE7800BCB21F208E1B29D1 /* AuthUser.swift in Sources */ = {isa = PBXBuildFile; fileRef = 4381F3908A54387E7EB8C772 /* AuthUser.swift */; };
		9E3827051C866BF6526D9105 /* IProfileViewModel.swift in Sources */ = {isa = PBXBuildFile; fileRef = FF74D298119B14793858F471 /* IProfileViewModel.swift */; };
		AA1A98603CB70B8259A64D2E /* InformationMovieView.swift in Sources */ = {isa = PBXBuildFile; fileRef = F2E3D84EC4453C89E1B83CE1 /* InformationMovieView.swift */; };
		AD39238523FD4394E5E21741 /* Alamofire in Frameworks */ = {isa = PBXBuildFile; productRef = AB07091A3D8F47008976ABC8 /* Alamofire */; };
		AFDA18B01101B3B110D30ACC /* MovieScreenViewController.swift in Sources */ = {isa = PBXBuildFile; fileRef = 745968B55D6C70DA83987383 /* MovieScreenViewController.swift */; };
		B03D9AB6E797B1C4415B450C /* MainScreenView.swift in Sources */ = {isa = PBXBuildFile; fileRef = 1926D5D7B9A679C65E9C6B4F /* MainScreenView.swift */; };
		B290362BCA6DCCCC8128A0E2 /* MovieScreenView.swift in Sources */ = {isa = PBXBuildFile; fileRef = 1C36989E9C1EBAA46CCA64B0 /* MovieScreenView.swift */; };
		B5C03BD5800ACDC2F9870281 /* TrendMoviesBlockView.swift in Sources */ = {isa = PBXBuildFile; fileRef = C22144A4652684534666F92A /* TrendMoviesBlockView.swift */; };
		B6969AB4424404438A4B23E1 /* EpisodeView.swift in Sources */ = {isa = PBXBuildFile; fileRef = 8F806E4A474C4EC456FCAE49 /* EpisodeView.swift */; };
		B95AA7F68E8FA14563B00A67 /* UIImageViewExtension.swift in Sources */ = {isa = PBXBuildFile; fileRef = 3DDBEDA1869E7674E5AFB972 /* UIImageViewExtension.swift */; };
		BFD7D1D1B38F1C6C42AF353B /* AppCoordinator.swift in Sources */ = {isa = PBXBuildFile; fileRef = 39D41914FFAAACF706B6D27C /* AppCoordinator.swift */; };
		C1A2C3F9B76A5A9CC8F13665 /* Chat.swift in Sources */ = {isa = PBXBuildFile; fileRef = F61D8B6B1D2E6CC139C8B5A1 /* Chat.swift */; };
		C1D081F071D1FD993018B067 /* MainViewModel.swift in Sources */ = {isa = PBXBuildFile; fileRef = A0DF5A5DDE99A9358AED4911 /* MainViewModel.swift */; };
		C25DA595ECE75B0D06E0975A /* SnapKit in Frameworks */ = {isa = PBXBuildFile; productRef = 219A57A8C588EE239CF9A5CA /* SnapKit */; };
		C3283A2700274DE691863E2C /* AuthCoordinator.swift in Sources */ = {isa = PBXBuildFile; fileRef = D126F9D5B30261E579CD6259 /* AuthCoordinator.swift */; };
		C6CB32C89F8F4CF069D568C3 /* ProfileViewModel.swift in Sources */ = {isa = PBXBuildFile; fileRef = CA8B1CF88D15A8FD2F3F12C1 /* ProfileViewModel.swift */; };
		CACC52BE3C86A1968586FD04 /* PaddingLabel.swift in Sources */ = {isa = PBXBuildFile; fileRef = 8D6E221F04FF23F7BCA63A00 /* PaddingLabel.swift */; };
		CD3454F02B7299135C9C862D /* ProfileInformationBlockView.swift in Sources */ = {isa = PBXBuildFile; fileRef = E7011E2D68544EDD46ABC416 /* ProfileInformationBlockView.swift */; };
		D089CDBB293B51FAD66C7D3E /* ProfileScreenView.swift in Sources */ = {isa = PBXBuildFile; fileRef = AACE15BA7C50685EEDEFB976 /* ProfileScreenView.swift */; };
		D422D38EDDDC6598579495A6 /* RequestStatus.swift in Sources */ = {isa = PBXBuildFile; fileRef = F60EF0F360543A1783B40796 /* RequestStatus.swift */; };
		D74AC0C7801C3E96D6CBFF98 /* EpisodeScreenView.swift in Sources */ = {isa = PBXBuildFile; fileRef = 2CDD6DF0C513598F41702C88 /* EpisodeScreenView.swift */; };
		D79766AE46993B0685B80025 /* Token.swift in Sources */ = {isa = PBXBuildFile; fileRef = 61156BC3F3D0C6DDB647EF56 /* Token.swift */; };
		DA17253BC59FA21887A3AB1D /* Navigation.swift in Sources */ = {isa = PBXBuildFile; fileRef = 2305FC2BD4880B8FEE53EADA /* Navigation.swift */; };
		DAB4A5BEFFD233191EACE09F /* InformationMovieBlockCollectionViewCell.swift in Sources */ = {isa = PBXBuildFile; fileRef = 95156AC6AA4662B71436C50A /* InformationMovieBlockCollectionViewCell.swift */; };
		E143811290AF202759036727 /* EpisodesMovieView.swift in Sources */ = {isa = PBXBuildFile; fileRef = 903EA146D991721B6319D23C /* EpisodesMovieView.swift */; };
		E4C483550E93C45502E1A858 /* SignUpViewController.swift in Sources */ = {isa = PBXBuildFile; fileRef = 7C3706049E01CFF26C8F2244 /* SignUpViewController.swift */; };
		EFE1FE4795066ACF5C87F241 /* TabBarViewController.swift in Sources */ = {isa = PBXBuildFile; fileRef = 3E92831647BC2B3389F6B67A /* TabBarViewController.swift */; };
		F0B59590BE1342430A373F16 /* IMainViewModel.swift in Sources */ = {isa = PBXBuildFile; fileRef = FEB26BE8512A63D95C35C48B /* IMainViewModel.swift */; };
		F329205629E84AE20073EB4F /* TagLabelsViewController.swift in Sources */ = {isa = PBXBuildFile; fileRef = F329205529E84AE20073EB4F /* TagLabelsViewController.swift */; };
		F329205829E84C5A0073EB4F /* TagLabelsView.swift in Sources */ = {isa = PBXBuildFile; fileRef = F329205729E84C5A0073EB4F /* TagLabelsView.swift */; };
		F3F465E829E57F2A00DA41FC /* MainCoordinator.swift in Sources */ = {isa = PBXBuildFile; fileRef = F3F465E729E57F2A00DA41FC /* MainCoordinator.swift */; };
		F9CD3711B7FB5D78A5202F45 /* ViewController.swift in Sources */ = {isa = PBXBuildFile; fileRef = 68632CC0DEA8ACCC00E5FF88 /* ViewController.swift */; };
		FB3E10B71711F3BD9558CD56 /* TitleWithTextView.swift in Sources */ = {isa = PBXBuildFile; fileRef = A009C7283290BD855EE66A6D /* TitleWithTextView.swift */; };
/* End PBXBuildFile section */

/* Begin PBXFileReference section */
		0183517C3ED716C2669FF5AF /* ISignInViewModel.swift */ = {isa = PBXFileReference; lastKnownFileType = sourcecode.swift; path = ISignInViewModel.swift; sourceTree = "<group>"; };
		08FAFC509C755970DF63F90B /* Coordinator.swift */ = {isa = PBXFileReference; lastKnownFileType = sourcecode.swift; path = Coordinator.swift; sourceTree = "<group>"; };
		0E0B38506E81D16B29B49444 /* TrendMovieCollectionViewCell.swift */ = {isa = PBXFileReference; lastKnownFileType = sourcecode.swift; path = TrendMovieCollectionViewCell.swift; sourceTree = "<group>"; };
		168CC7BD2306CFCD327EA910 /* ContentMainScreenView.swift */ = {isa = PBXFileReference; lastKnownFileType = sourcecode.swift; path = ContentMainScreenView.swift; sourceTree = "<group>"; };
		1926D5D7B9A679C65E9C6B4F /* MainScreenView.swift */ = {isa = PBXFileReference; lastKnownFileType = sourcecode.swift; path = MainScreenView.swift; sourceTree = "<group>"; };
		1C36989E9C1EBAA46CCA64B0 /* MovieScreenView.swift */ = {isa = PBXFileReference; lastKnownFileType = sourcecode.swift; path = MovieScreenView.swift; sourceTree = "<group>"; };
		222A386987159657E348E8FF /* SFProText-Medium.ttf */ = {isa = PBXFileReference; lastKnownFileType = file; path = "SFProText-Medium.ttf"; sourceTree = "<group>"; };
		2305FC2BD4880B8FEE53EADA /* Navigation.swift */ = {isa = PBXFileReference; lastKnownFileType = sourcecode.swift; path = Navigation.swift; sourceTree = "<group>"; };
		27C43590ED08A98E88FB94FC /* SFProText-Regular.ttf */ = {isa = PBXFileReference; lastKnownFileType = file; path = "SFProText-Regular.ttf"; sourceTree = "<group>"; };
		29E0D6CB48D9BD22DF1EA60F /* RecomendationMoviesBlockView.swift */ = {isa = PBXFileReference; lastKnownFileType = sourcecode.swift; path = RecomendationMoviesBlockView.swift; sourceTree = "<group>"; };
		2CDD6DF0C513598F41702C88 /* EpisodeScreenView.swift */ = {isa = PBXFileReference; lastKnownFileType = sourcecode.swift; path = EpisodeScreenView.swift; sourceTree = "<group>"; };
		2D39724D1FDD17DA9FC08633 /* LastWatchMovieBlockView.swift */ = {isa = PBXFileReference; lastKnownFileType = sourcecode.swift; path = LastWatchMovieBlockView.swift; sourceTree = "<group>"; };
		2D8BED3937B40B370710B2CA /* Observable.swift */ = {isa = PBXFileReference; lastKnownFileType = sourcecode.swift; path = Observable.swift; sourceTree = "<group>"; };
		2DB5F23EE5A827D91FADFBA5 /* ISignUpViewModel.swift */ = {isa = PBXFileReference; lastKnownFileType = sourcecode.swift; path = ISignUpViewModel.swift; sourceTree = "<group>"; };
		33F2566DCAFD2F8C240A4AF0 /* EpisodeScreenTableViewCell.swift */ = {isa = PBXFileReference; lastKnownFileType = sourcecode.swift; path = EpisodeScreenTableViewCell.swift; sourceTree = "<group>"; };
		34276956CAD8A75D8CDB3734 /* NewMovieCollectionViewCell.swift */ = {isa = PBXFileReference; lastKnownFileType = sourcecode.swift; path = NewMovieCollectionViewCell.swift; sourceTree = "<group>"; };
		39D41914FFAAACF706B6D27C /* AppCoordinator.swift */ = {isa = PBXFileReference; lastKnownFileType = sourcecode.swift; path = AppCoordinator.swift; sourceTree = "<group>"; };
		3B1089A0596E50F78B8DA545 /* SFProText-Bold.ttf */ = {isa = PBXFileReference; lastKnownFileType = file; path = "SFProText-Bold.ttf"; sourceTree = "<group>"; };
		3B98E04F83C6C90C758B5127 /* CircleImageView.swift */ = {isa = PBXFileReference; lastKnownFileType = sourcecode.swift; path = CircleImageView.swift; sourceTree = "<group>"; };
		3DDBEDA1869E7674E5AFB972 /* UIImageViewExtension.swift */ = {isa = PBXFileReference; lastKnownFileType = sourcecode.swift; path = UIImageViewExtension.swift; sourceTree = "<group>"; };
		3E92831647BC2B3389F6B67A /* TabBarViewController.swift */ = {isa = PBXFileReference; lastKnownFileType = sourcecode.swift; path = TabBarViewController.swift; sourceTree = "<group>"; };
		4381F3908A54387E7EB8C772 /* AuthUser.swift */ = {isa = PBXFileReference; lastKnownFileType = sourcecode.swift; path = AuthUser.swift; sourceTree = "<group>"; };
		4BBF9D3D4D441A638ABBA526 /* ProfileScreenViewController.swift */ = {isa = PBXFileReference; lastKnownFileType = sourcecode.swift; path = ProfileScreenViewController.swift; sourceTree = "<group>"; };
		5205325C13A157C1B4693CB7 /* HomeCoordinator.swift */ = {isa = PBXFileReference; lastKnownFileType = sourcecode.swift; path = HomeCoordinator.swift; sourceTree = "<group>"; };
		53DEBFE4B19BE94B278178C3 /* Tag.swift */ = {isa = PBXFileReference; lastKnownFileType = sourcecode.swift; path = Tag.swift; sourceTree = "<group>"; };
		5CBDAB137B328B69FBB7C59E /* Protocols.swift */ = {isa = PBXFileReference; lastKnownFileType = sourcecode.swift; path = Protocols.swift; sourceTree = "<group>"; };
		60237F4B8B08D5CCD873A71E /* SFProText-Semibold.ttf */ = {isa = PBXFileReference; lastKnownFileType = file; path = "SFProText-Semibold.ttf"; sourceTree = "<group>"; };
		61156BC3F3D0C6DDB647EF56 /* Token.swift */ = {isa = PBXFileReference; lastKnownFileType = sourcecode.swift; path = Token.swift; sourceTree = "<group>"; };
		6715960FB373EA1CAE34221F /* Movie.swift */ = {isa = PBXFileReference; lastKnownFileType = sourcecode.swift; path = Movie.swift; sourceTree = "<group>"; };
		68632CC0DEA8ACCC00E5FF88 /* ViewController.swift */ = {isa = PBXFileReference; lastKnownFileType = sourcecode.swift; path = ViewController.swift; sourceTree = "<group>"; };
		6A2B3809DCF2D81DE523B4AB /* ProfileScreenCollectionViewCell.swift */ = {isa = PBXFileReference; lastKnownFileType = sourcecode.swift; path = ProfileScreenCollectionViewCell.swift; sourceTree = "<group>"; };
		6A338137F85D93C3D834006D /* FootageMovieCollectionViewCell.swift */ = {isa = PBXFileReference; lastKnownFileType = sourcecode.swift; path = FootageMovieCollectionViewCell.swift; sourceTree = "<group>"; };
		6B84C8B6EB4AEECEE9221D01 /* SignInViewController.swift */ = {isa = PBXFileReference; lastKnownFileType = sourcecode.swift; path = SignInViewController.swift; sourceTree = "<group>"; };
		745968B55D6C70DA83987383 /* MovieScreenViewController.swift */ = {isa = PBXFileReference; lastKnownFileType = sourcecode.swift; path = MovieScreenViewController.swift; sourceTree = "<group>"; };
		7C3706049E01CFF26C8F2244 /* SignUpViewController.swift */ = {isa = PBXFileReference; lastKnownFileType = sourcecode.swift; path = SignUpViewController.swift; sourceTree = "<group>"; };
		7FB0FCE1A3DF28AED0BC35EC /* AuthViewModel.swift */ = {isa = PBXFileReference; lastKnownFileType = sourcecode.swift; path = AuthViewModel.swift; sourceTree = "<group>"; };
		82F467DAABBD78703C4D40B1 /* ApiRepository.swift */ = {isa = PBXFileReference; lastKnownFileType = sourcecode.swift; path = ApiRepository.swift; sourceTree = "<group>"; };
		870A047D48DC2A689921E7B3 /* FootageMovieView.swift */ = {isa = PBXFileReference; lastKnownFileType = sourcecode.swift; path = FootageMovieView.swift; sourceTree = "<group>"; };
		8D6E221F04FF23F7BCA63A00 /* PaddingLabel.swift */ = {isa = PBXFileReference; lastKnownFileType = sourcecode.swift; path = PaddingLabel.swift; sourceTree = "<group>"; };
		8F806E4A474C4EC456FCAE49 /* EpisodeView.swift */ = {isa = PBXFileReference; lastKnownFileType = sourcecode.swift; path = EpisodeView.swift; sourceTree = "<group>"; };
		903EA146D991721B6319D23C /* EpisodesMovieView.swift */ = {isa = PBXFileReference; lastKnownFileType = sourcecode.swift; path = EpisodesMovieView.swift; sourceTree = "<group>"; };
		938663EDEDA73263C5B6ED55 /* User.swift */ = {isa = PBXFileReference; lastKnownFileType = sourcecode.swift; path = User.swift; sourceTree = "<group>"; };
		95156AC6AA4662B71436C50A /* InformationMovieBlockCollectionViewCell.swift */ = {isa = PBXFileReference; lastKnownFileType = sourcecode.swift; path = InformationMovieBlockCollectionViewCell.swift; sourceTree = "<group>"; };
		972768A4AC7F8C168A3C1990 /* RecomendationMovieCollectionViewCell.swift */ = {isa = PBXFileReference; lastKnownFileType = sourcecode.swift; path = RecomendationMovieCollectionViewCell.swift; sourceTree = "<group>"; };
		9AED34B305382379EF24B17D /* SignUpScreenView.swift */ = {isa = PBXFileReference; lastKnownFileType = sourcecode.swift; path = SignUpScreenView.swift; sourceTree = "<group>"; };
		A009C7283290BD855EE66A6D /* TitleWithTextView.swift */ = {isa = PBXFileReference; lastKnownFileType = sourcecode.swift; path = TitleWithTextView.swift; sourceTree = "<group>"; };
		A0DF5A5DDE99A9358AED4911 /* MainViewModel.swift */ = {isa = PBXFileReference; lastKnownFileType = sourcecode.swift; path = MainViewModel.swift; sourceTree = "<group>"; };
		A76BEA4692931521B1534E44 /* Info.plist */ = {isa = PBXFileReference; lastKnownFileType = text.plist; path = Info.plist; sourceTree = "<group>"; };
		AACE15BA7C50685EEDEFB976 /* ProfileScreenView.swift */ = {isa = PBXFileReference; lastKnownFileType = sourcecode.swift; path = ProfileScreenView.swift; sourceTree = "<group>"; };
		AC72DF3D36EB2CF3FEF4BFF9 /* SingInScreenView.swift */ = {isa = PBXFileReference; lastKnownFileType = sourcecode.swift; path = SingInScreenView.swift; sourceTree = "<group>"; };
		B35818B4A6C4042FA5E7AB1B /* Episode.swift */ = {isa = PBXFileReference; lastKnownFileType = sourcecode.swift; path = Episode.swift; sourceTree = "<group>"; };
		BD84CC129B94D92216D05020 /* UIColorExtension.swift */ = {isa = PBXFileReference; lastKnownFileType = sourcecode.swift; path = UIColorExtension.swift; sourceTree = "<group>"; };
		BE0B4679B6FA5D719B5A5037 /* InformationMovieBlockView.swift */ = {isa = PBXFileReference; lastKnownFileType = sourcecode.swift; path = InformationMovieBlockView.swift; sourceTree = "<group>"; };
		C0BD8C68F8802DF796648BE2 /* AppDelegate.swift */ = {isa = PBXFileReference; lastKnownFileType = sourcecode.swift; path = AppDelegate.swift; sourceTree = "<group>"; };
		C22144A4652684534666F92A /* TrendMoviesBlockView.swift */ = {isa = PBXFileReference; lastKnownFileType = sourcecode.swift; path = TrendMoviesBlockView.swift; sourceTree = "<group>"; };
		C918E6BBC34751E0A54E4091 /* MainScreenViewController.swift */ = {isa = PBXFileReference; lastKnownFileType = sourcecode.swift; path = MainScreenViewController.swift; sourceTree = "<group>"; };
		C938C3BDAD6776A47E6C5A38 /* Assets.xcassets */ = {isa = PBXFileReference; lastKnownFileType = folder.assetcatalog; path = Assets.xcassets; sourceTree = "<group>"; };
		CA8B1CF88D15A8FD2F3F12C1 /* ProfileViewModel.swift */ = {isa = PBXFileReference; lastKnownFileType = sourcecode.swift; path = ProfileViewModel.swift; sourceTree = "<group>"; };
		CB2F7836A1541F71260D4F92 /* CoverMovie.swift */ = {isa = PBXFileReference; lastKnownFileType = sourcecode.swift; path = CoverMovie.swift; sourceTree = "<group>"; };
		CCB3FF7B43EEBF436E8071EC /* VideoPlayerView.swift */ = {isa = PBXFileReference; lastKnownFileType = sourcecode.swift; path = VideoPlayerView.swift; sourceTree = "<group>"; };
		D126F9D5B30261E579CD6259 /* AuthCoordinator.swift */ = {isa = PBXFileReference; lastKnownFileType = sourcecode.swift; path = AuthCoordinator.swift; sourceTree = "<group>"; };
		E7011E2D68544EDD46ABC416 /* ProfileInformationBlockView.swift */ = {isa = PBXFileReference; lastKnownFileType = sourcecode.swift; path = ProfileInformationBlockView.swift; sourceTree = "<group>"; };
		E741903C8BE12EEAB30AA82C /* EpisodeScreenViewController.swift */ = {isa = PBXFileReference; lastKnownFileType = sourcecode.swift; path = EpisodeScreenViewController.swift; sourceTree = "<group>"; };
		E94966236921CC6C34C05081 /* Cinema.app */ = {isa = PBXFileReference; explicitFileType = wrapper.application; includeInIndex = 0; path = Cinema.app; sourceTree = BUILT_PRODUCTS_DIR; };
		EE8596B1D273BC4737851DA7 /* Base */ = {isa = PBXFileReference; lastKnownFileType = file.storyboard; name = Base; path = Base.lproj/LaunchScreen.storyboard; sourceTree = "<group>"; };
		F2E3D84EC4453C89E1B83CE1 /* InformationMovieView.swift */ = {isa = PBXFileReference; lastKnownFileType = sourcecode.swift; path = InformationMovieView.swift; sourceTree = "<group>"; };
		F2F29B8773DD64E13E49D9EF /* UICustomTextField.swift */ = {isa = PBXFileReference; lastKnownFileType = sourcecode.swift; path = UICustomTextField.swift; sourceTree = "<group>"; };
		F329205529E84AE20073EB4F /* TagLabelsViewController.swift */ = {isa = PBXFileReference; lastKnownFileType = sourcecode.swift; path = TagLabelsViewController.swift; sourceTree = "<group>"; };
		F329205729E84C5A0073EB4F /* TagLabelsView.swift */ = {isa = PBXFileReference; lastKnownFileType = sourcecode.swift; path = TagLabelsView.swift; sourceTree = "<group>"; };
		F3F465E729E57F2A00DA41FC /* MainCoordinator.swift */ = {isa = PBXFileReference; lastKnownFileType = sourcecode.swift; path = MainCoordinator.swift; sourceTree = "<group>"; };
		F60EF0F360543A1783B40796 /* RequestStatus.swift */ = {isa = PBXFileReference; lastKnownFileType = sourcecode.swift; path = RequestStatus.swift; sourceTree = "<group>"; };
		F61D8B6B1D2E6CC139C8B5A1 /* Chat.swift */ = {isa = PBXFileReference; lastKnownFileType = sourcecode.swift; path = Chat.swift; sourceTree = "<group>"; };
		FBED466D911C19A9E5D5B292 /* NewMoviesBlockView.swift */ = {isa = PBXFileReference; lastKnownFileType = sourcecode.swift; path = NewMoviesBlockView.swift; sourceTree = "<group>"; };
		FEB26BE8512A63D95C35C48B /* IMainViewModel.swift */ = {isa = PBXFileReference; lastKnownFileType = sourcecode.swift; path = IMainViewModel.swift; sourceTree = "<group>"; };
		FF74D298119B14793858F471 /* IProfileViewModel.swift */ = {isa = PBXFileReference; lastKnownFileType = sourcecode.swift; path = IProfileViewModel.swift; sourceTree = "<group>"; };
/* End PBXFileReference section */

/* Begin PBXFrameworksBuildPhase section */
		75FA0BB749EA503C305ECD8A /* Frameworks */ = {
			isa = PBXFrameworksBuildPhase;
			buildActionMask = 2147483647;
			files = (
				AD39238523FD4394E5E21741 /* Alamofire in Frameworks */,
				C25DA595ECE75B0D06E0975A /* SnapKit in Frameworks */,
				05BCD2DE7A9563316478C0E0 /* KeychainSwift in Frameworks */,
			);
			runOnlyForDeploymentPostprocessing = 0;
		};
/* End PBXFrameworksBuildPhase section */

/* Begin PBXGroup section */
		05B00472227209A5830F8964 /* Models */ = {
			isa = PBXGroup;
			children = (
				4381F3908A54387E7EB8C772 /* AuthUser.swift */,
				F61D8B6B1D2E6CC139C8B5A1 /* Chat.swift */,
				CB2F7836A1541F71260D4F92 /* CoverMovie.swift */,
				B35818B4A6C4042FA5E7AB1B /* Episode.swift */,
				8F806E4A474C4EC456FCAE49 /* EpisodeView.swift */,
				6715960FB373EA1CAE34221F /* Movie.swift */,
				F60EF0F360543A1783B40796 /* RequestStatus.swift */,
				53DEBFE4B19BE94B278178C3 /* Tag.swift */,
				61156BC3F3D0C6DDB647EF56 /* Token.swift */,
				938663EDEDA73263C5B6ED55 /* User.swift */,
				4DFD26DC4CD5BFE9F6FE250C /* Bindings */,
			);
			path = Models;
			sourceTree = "<group>";
		};
		124E602B31159B6DE8E114DF /* ProfileScreen */ = {
			isa = PBXGroup;
			children = (
				E7011E2D68544EDD46ABC416 /* ProfileInformationBlockView.swift */,
				6A2B3809DCF2D81DE523B4AB /* ProfileScreenCollectionViewCell.swift */,
				AACE15BA7C50685EEDEFB976 /* ProfileScreenView.swift */,
				4BBF9D3D4D441A638ABBA526 /* ProfileScreenViewController.swift */,
				68632CC0DEA8ACCC00E5FF88 /* ViewController.swift */,
			);
			path = ProfileScreen;
			sourceTree = "<group>";
		};
		12CB0D3DB37C9CC8553149F4 /* NewMoviesBlock */ = {
			isa = PBXGroup;
			children = (
				FBED466D911C19A9E5D5B292 /* NewMoviesBlockView.swift */,
				34276956CAD8A75D8CDB3734 /* NewMovieCollectionViewCell.swift */,
			);
			path = NewMoviesBlock;
			sourceTree = "<group>";
		};
		163843E9A661C6F8AEC8328B /* MovieScreen */ = {
			isa = PBXGroup;
			children = (
				F329205529E84AE20073EB4F /* TagLabelsViewController.swift */,
				745968B55D6C70DA83987383 /* MovieScreenViewController.swift */,
				1C36989E9C1EBAA46CCA64B0 /* MovieScreenView.swift */,
				769F804C94B2B63942BA6DE0 /* InformationMovieBlock */,
				79DFD5CEA81DEDA3661643B4 /* FootageMovieBlock */,
				CE34534C334132CE67CBB3FB /* EpisodesMovieBlock */,
			);
			path = MovieScreen;
			sourceTree = "<group>";
		};
		209D57226B32259769D52C06 /* RecomendationMoviesBlock */ = {
			isa = PBXGroup;
			children = (
				29E0D6CB48D9BD22DF1EA60F /* RecomendationMoviesBlockView.swift */,
				972768A4AC7F8C168A3C1990 /* RecomendationMovieCollectionViewCell.swift */,
			);
			path = RecomendationMoviesBlock;
			sourceTree = "<group>";
		};
		22F6CA83E2A264C3FFC152FC /* AuthScreens */ = {
			isa = PBXGroup;
			children = (
				ED542EC33AD7A947D6D523B9 /* SignInScreen */,
				2FF0C51A74E48CD0D068962A /* SignUpScreen */,
			);
			path = AuthScreens;
			sourceTree = "<group>";
		};
		2FF0C51A74E48CD0D068962A /* SignUpScreen */ = {
			isa = PBXGroup;
			children = (
				9AED34B305382379EF24B17D /* SignUpScreenView.swift */,
				7C3706049E01CFF26C8F2244 /* SignUpViewController.swift */,
			);
			path = SignUpScreen;
			sourceTree = "<group>";
		};
		37092E9F1C5E1EFAE5DBA5A3 /* Protocol */ = {
			isa = PBXGroup;
			children = (
				08FAFC509C755970DF63F90B /* Coordinator.swift */,
			);
			path = Protocol;
			sourceTree = "<group>";
		};
		3AD6FDCDBEE3D62CEB3D81D7 /* CustomViews */ = {
			isa = PBXGroup;
			children = (
				3B98E04F83C6C90C758B5127 /* CircleImageView.swift */,
				8D6E221F04FF23F7BCA63A00 /* PaddingLabel.swift */,
				A009C7283290BD855EE66A6D /* TitleWithTextView.swift */,
				F2F29B8773DD64E13E49D9EF /* UICustomTextField.swift */,
			);
			path = CustomViews;
			sourceTree = "<group>";
		};
		4130B066D1F903B654A15128 /* Products */ = {
			isa = PBXGroup;
			children = (
				E94966236921CC6C34C05081 /* Cinema.app */,
			);
			name = Products;
			sourceTree = "<group>";
		};
		4CC4E819521FDB9A8BD2A9D5 /* Resources */ = {
			isa = PBXGroup;
			children = (
				C938C3BDAD6776A47E6C5A38 /* Assets.xcassets */,
				6AD63EF1DE4F21B4709801A9 /* Fonts */,
			);
			path = Resources;
			sourceTree = "<group>";
		};
		4DFD26DC4CD5BFE9F6FE250C /* Bindings */ = {
			isa = PBXGroup;
			children = (
				2D8BED3937B40B370710B2CA /* Observable.swift */,
			);
			path = Bindings;
			sourceTree = "<group>";
		};
		5FE53F20BE49306F13B5BD90 /* Application */ = {
			isa = PBXGroup;
			children = (
				C0BD8C68F8802DF796648BE2 /* AppDelegate.swift */,
				A76BEA4692931521B1534E44 /* Info.plist */,
			);
			path = Application;
			sourceTree = "<group>";
		};
		62FF5172DA045030BBD0E2A4 /* Api */ = {
			isa = PBXGroup;
			children = (
				82F467DAABBD78703C4D40B1 /* ApiRepository.swift */,
				5CBDAB137B328B69FBB7C59E /* Protocols.swift */,
			);
			path = Api;
			sourceTree = "<group>";
		};
		6445C63166E6023C80D2C96D /* TabBar */ = {
			isa = PBXGroup;
			children = (
				3E92831647BC2B3389F6B67A /* TabBarViewController.swift */,
			);
			path = TabBar;
			sourceTree = "<group>";
		};
		69F0860B23CACC74441A1C13 /* Protocols */ = {
			isa = PBXGroup;
			children = (
				FEB26BE8512A63D95C35C48B /* IMainViewModel.swift */,
				FF74D298119B14793858F471 /* IProfileViewModel.swift */,
				0183517C3ED716C2669FF5AF /* ISignInViewModel.swift */,
				2DB5F23EE5A827D91FADFBA5 /* ISignUpViewModel.swift */,
				2305FC2BD4880B8FEE53EADA /* Navigation.swift */,
			);
			path = Protocols;
			sourceTree = "<group>";
		};
		6AD63EF1DE4F21B4709801A9 /* Fonts */ = {
			isa = PBXGroup;
			children = (
				3B1089A0596E50F78B8DA545 /* SFProText-Bold.ttf */,
				222A386987159657E348E8FF /* SFProText-Medium.ttf */,
				27C43590ED08A98E88FB94FC /* SFProText-Regular.ttf */,
				60237F4B8B08D5CCD873A71E /* SFProText-Semibold.ttf */,
			);
			path = Fonts;
			sourceTree = "<group>";
		};
		769F804C94B2B63942BA6DE0 /* InformationMovieBlock */ = {
			isa = PBXGroup;
			children = (
				F329205729E84C5A0073EB4F /* TagLabelsView.swift */,
				BE0B4679B6FA5D719B5A5037 /* InformationMovieBlockView.swift */,
				95156AC6AA4662B71436C50A /* InformationMovieBlockCollectionViewCell.swift */,
			);
			path = InformationMovieBlock;
			sourceTree = "<group>";
		};
		790574AA7A53CE473BECD376 /* Storyboards */ = {
			isa = PBXGroup;
			children = (
				767C5B897A8A2A6C41AF7B59 /* LaunchScreen.storyboard */,
			);
			path = Storyboards;
			sourceTree = "<group>";
		};
		79DFD5CEA81DEDA3661643B4 /* FootageMovieBlock */ = {
			isa = PBXGroup;
			children = (
				870A047D48DC2A689921E7B3 /* FootageMovieView.swift */,
				6A338137F85D93C3D834006D /* FootageMovieCollectionViewCell.swift */,
			);
			path = FootageMovieBlock;
			sourceTree = "<group>";
		};
		8538EF894F0265B9C70CDF66 /* LastWatchMovieBlock */ = {
			isa = PBXGroup;
			children = (
				2D39724D1FDD17DA9FC08633 /* LastWatchMovieBlockView.swift */,
			);
			path = LastWatchMovieBlock;
			sourceTree = "<group>";
		};
		87207E40FA4AC9413D62DEFB /* ViewModels */ = {
			isa = PBXGroup;
			children = (
				A0DF5A5DDE99A9358AED4911 /* MainViewModel.swift */,
				CA8B1CF88D15A8FD2F3F12C1 /* ProfileViewModel.swift */,
				7FB0FCE1A3DF28AED0BC35EC /* AuthViewModel.swift */,
				69F0860B23CACC74441A1C13 /* Protocols */,
			);
			path = ViewModels;
			sourceTree = "<group>";
		};
		8B47CF54B9F43D961B073846 /* Views */ = {
			isa = PBXGroup;
			children = (
				790574AA7A53CE473BECD376 /* Storyboards */,
				22F6CA83E2A264C3FFC152FC /* AuthScreens */,
				6445C63166E6023C80D2C96D /* TabBar */,
				EC63F7BD299117635C43BC04 /* MainScreen */,
				163843E9A661C6F8AEC8328B /* MovieScreen */,
				F65FB553AD6C973380592C89 /* EpisodeScreen */,
				124E602B31159B6DE8E114DF /* ProfileScreen */,
				D7FE06B645EFFAB1751C3DFE /* Extension */,
				3AD6FDCDBEE3D62CEB3D81D7 /* CustomViews */,
			);
			path = Views;
			sourceTree = "<group>";
		};
		920232A2223141FF5BE81F94 /* Cinema */ = {
			isa = PBXGroup;
			children = (
				5FE53F20BE49306F13B5BD90 /* Application */,
				ED1EF37D32016B2313874FC9 /* Coordinators */,
				FED61C6B9023AEFFFDCA304B /* Services */,
				05B00472227209A5830F8964 /* Models */,
				87207E40FA4AC9413D62DEFB /* ViewModels */,
				8B47CF54B9F43D961B073846 /* Views */,
				4CC4E819521FDB9A8BD2A9D5 /* Resources */,
			);
			path = Cinema;
			sourceTree = "<group>";
		};
		AB57D9B45A4292E6D7E2428D /* TrendMoviesBlock */ = {
			isa = PBXGroup;
			children = (
				C22144A4652684534666F92A /* TrendMoviesBlockView.swift */,
				0E0B38506E81D16B29B49444 /* TrendMovieCollectionViewCell.swift */,
			);
			path = TrendMoviesBlock;
			sourceTree = "<group>";
		};
		C93AEDD79E8308C1170C8ADF = {
			isa = PBXGroup;
			children = (
				920232A2223141FF5BE81F94 /* Cinema */,
				4130B066D1F903B654A15128 /* Products */,
			);
			sourceTree = "<group>";
		};
		CE34534C334132CE67CBB3FB /* EpisodesMovieBlock */ = {
			isa = PBXGroup;
			children = (
				903EA146D991721B6319D23C /* EpisodesMovieView.swift */,
				33F2566DCAFD2F8C240A4AF0 /* EpisodeScreenTableViewCell.swift */,
			);
			path = EpisodesMovieBlock;
			sourceTree = "<group>";
		};
		D7FE06B645EFFAB1751C3DFE /* Extension */ = {
			isa = PBXGroup;
			children = (
				BD84CC129B94D92216D05020 /* UIColorExtension.swift */,
				3DDBEDA1869E7674E5AFB972 /* UIImageViewExtension.swift */,
			);
			path = Extension;
			sourceTree = "<group>";
		};
		EC63F7BD299117635C43BC04 /* MainScreen */ = {
			isa = PBXGroup;
			children = (
				C918E6BBC34751E0A54E4091 /* MainScreenViewController.swift */,
				1926D5D7B9A679C65E9C6B4F /* MainScreenView.swift */,
				168CC7BD2306CFCD327EA910 /* ContentMainScreenView.swift */,
				8538EF894F0265B9C70CDF66 /* LastWatchMovieBlock */,
				12CB0D3DB37C9CC8553149F4 /* NewMoviesBlock */,
				209D57226B32259769D52C06 /* RecomendationMoviesBlock */,
				AB57D9B45A4292E6D7E2428D /* TrendMoviesBlock */,
			);
			path = MainScreen;
			sourceTree = "<group>";
		};
		ED1EF37D32016B2313874FC9 /* Coordinators */ = {
			isa = PBXGroup;
			children = (
				39D41914FFAAACF706B6D27C /* AppCoordinator.swift */,
				D126F9D5B30261E579CD6259 /* AuthCoordinator.swift */,
				5205325C13A157C1B4693CB7 /* HomeCoordinator.swift */,
				F3F465E729E57F2A00DA41FC /* MainCoordinator.swift */,
				37092E9F1C5E1EFAE5DBA5A3 /* Protocol */,
			);
			path = Coordinators;
			sourceTree = "<group>";
		};
		ED542EC33AD7A947D6D523B9 /* SignInScreen */ = {
			isa = PBXGroup;
			children = (
				6B84C8B6EB4AEECEE9221D01 /* SignInViewController.swift */,
				AC72DF3D36EB2CF3FEF4BFF9 /* SingInScreenView.swift */,
			);
			path = SignInScreen;
			sourceTree = "<group>";
		};
		F65FB553AD6C973380592C89 /* EpisodeScreen */ = {
			isa = PBXGroup;
			children = (
				E741903C8BE12EEAB30AA82C /* EpisodeScreenViewController.swift */,
				2CDD6DF0C513598F41702C88 /* EpisodeScreenView.swift */,
				F2E3D84EC4453C89E1B83CE1 /* InformationMovieView.swift */,
				CCB3FF7B43EEBF436E8071EC /* VideoPlayerView.swift */,
			);
			path = EpisodeScreen;
			sourceTree = "<group>";
		};
		FED61C6B9023AEFFFDCA304B /* Services */ = {
			isa = PBXGroup;
			children = (
				62FF5172DA045030BBD0E2A4 /* Api */,
			);
			path = Services;
			sourceTree = "<group>";
		};
/* End PBXGroup section */

/* Begin PBXNativeTarget section */
		896EA45066AC4318412AC95D /* Cinema */ = {
			isa = PBXNativeTarget;
			buildConfigurationList = D5C1A2D679A46BC38584060A /* Build configuration list for PBXNativeTarget "Cinema" */;
			buildPhases = (
				8D3E623D25EE588E9F85B8A4 /* Sources */,
				63D765D0B4D9279AE4EAD057 /* Resources */,
				75FA0BB749EA503C305ECD8A /* Frameworks */,
			);
			buildRules = (
			);
			dependencies = (
			);
			name = Cinema;
			packageProductDependencies = (
				AB07091A3D8F47008976ABC8 /* Alamofire */,
				219A57A8C588EE239CF9A5CA /* SnapKit */,
				630C161B64303AA52DF2F086 /* KeychainSwift */,
			);
			productName = Cinema;
			productReference = E94966236921CC6C34C05081 /* Cinema.app */;
			productType = "com.apple.product-type.application";
		};
/* End PBXNativeTarget section */

/* Begin PBXProject section */
		CB65C5AAD396F27F893A18CE /* Project object */ = {
			isa = PBXProject;
			attributes = {
				LastUpgradeCheck = 1200;
			};
			buildConfigurationList = 9C5E538AEE7267778CD62D55 /* Build configuration list for PBXProject "Cinema" */;
			compatibilityVersion = "Xcode 11.0";
			developmentRegion = ru;
			hasScannedForEncodings = 0;
			knownRegions = (
				Base,
				ru,
			);
			mainGroup = C93AEDD79E8308C1170C8ADF;
			packageReferences = (
				64FE61653F79748959CE882D /* XCRemoteSwiftPackageReference "Alamofire" */,
				253765CCBFA24C8090E72711 /* XCRemoteSwiftPackageReference "keychain-swift" */,
				F38B1C18722EFC9997F2D426 /* XCRemoteSwiftPackageReference "SnapKit" */,
			);
			projectDirPath = "";
			projectRoot = "";
			targets = (
				896EA45066AC4318412AC95D /* Cinema */,
			);
		};
/* End PBXProject section */

/* Begin PBXResourcesBuildPhase section */
		63D765D0B4D9279AE4EAD057 /* Resources */ = {
			isa = PBXResourcesBuildPhase;
			buildActionMask = 2147483647;
			files = (
				8209A44BA41B65508968E11A /* Assets.xcassets in Resources */,
				3AE6E398BD1A8122636D7EE2 /* LaunchScreen.storyboard in Resources */,
				223D830CF803C8BC3F80B1D0 /* SFProText-Bold.ttf in Resources */,
				4A7D654244EFC3C27A0511B8 /* SFProText-Medium.ttf in Resources */,
				09A6F2753FCE909125575117 /* SFProText-Regular.ttf in Resources */,
				91B6BC727CCFE65527D8B83F /* SFProText-Semibold.ttf in Resources */,
			);
			runOnlyForDeploymentPostprocessing = 0;
		};
/* End PBXResourcesBuildPhase section */

/* Begin PBXSourcesBuildPhase section */
		8D3E623D25EE588E9F85B8A4 /* Sources */ = {
			isa = PBXSourcesBuildPhase;
			buildActionMask = 2147483647;
			files = (
				3B515F4B537ED891DFCB62F1 /* ApiRepository.swift in Sources */,
				BFD7D1D1B38F1C6C42AF353B /* AppCoordinator.swift in Sources */,
				0D3E1C31E98390CA3B8F4918 /* AppDelegate.swift in Sources */,
				C3283A2700274DE691863E2C /* AuthCoordinator.swift in Sources */,
				9DAE7800BCB21F208E1B29D1 /* AuthUser.swift in Sources */,
				C1A2C3F9B76A5A9CC8F13665 /* Chat.swift in Sources */,
				67948ACBF5BEF2776D23D99A /* CircleImageView.swift in Sources */,
				13A13AF30E33FDE4774926FB /* ContentMainScreenView.swift in Sources */,
				53EC33C1958C1C22C9E5D05D /* Coordinator.swift in Sources */,
				64D29EF9B2C231CF128A9D1B /* CoverMovie.swift in Sources */,
				17F0738C56C5FE000AD7B1FA /* Episode.swift in Sources */,
				7E0314BFAFBF1CD2EA184244 /* EpisodeScreenTableViewCell.swift in Sources */,
				D74AC0C7801C3E96D6CBFF98 /* EpisodeScreenView.swift in Sources */,
				F329205629E84AE20073EB4F /* TagLabelsViewController.swift in Sources */,
				10D3EE6A4FDFEBE00953676E /* EpisodeScreenViewController.swift in Sources */,
				B6969AB4424404438A4B23E1 /* EpisodeView.swift in Sources */,
				E143811290AF202759036727 /* EpisodesMovieView.swift in Sources */,
				9A63AABD92B824360925C1A5 /* FootageMovieCollectionViewCell.swift in Sources */,
				4B6630C321F7FB566A941249 /* FootageMovieView.swift in Sources */,
				6CE86809E46E68E0F2EC887C /* HomeCoordinator.swift in Sources */,
				F0B59590BE1342430A373F16 /* IMainViewModel.swift in Sources */,
				9E3827051C866BF6526D9105 /* IProfileViewModel.swift in Sources */,
				046F90D8CA32E92F62739B13 /* ISignInViewModel.swift in Sources */,
				43E46CDA76243BA5337FA4F6 /* ISignUpViewModel.swift in Sources */,
				DAB4A5BEFFD233191EACE09F /* InformationMovieBlockCollectionViewCell.swift in Sources */,
				AA1A98603CB70B8259A64D2E /* InformationMovieView.swift in Sources */,
				31E5E793015682C7804B5C65 /* InformationMovieBlockView.swift in Sources */,
				355F46D4E167B85F676C9B7A /* LastWatchMovieBlockView.swift in Sources */,
				B03D9AB6E797B1C4415B450C /* MainScreenView.swift in Sources */,
				4E8FF0151021B674E175498D /* MainScreenViewController.swift in Sources */,
				C1D081F071D1FD993018B067 /* MainViewModel.swift in Sources */,
				1588C30C73BF2FFC31359A25 /* Movie.swift in Sources */,
				B290362BCA6DCCCC8128A0E2 /* MovieScreenView.swift in Sources */,
				AFDA18B01101B3B110D30ACC /* MovieScreenViewController.swift in Sources */,
				DA17253BC59FA21887A3AB1D /* Navigation.swift in Sources */,
				641229385A4EC67ED79901EE /* NewMovieCollectionViewCell.swift in Sources */,
				28D76CC82B4B8969D8A3964D /* NewMoviesBlockView.swift in Sources */,
				628329DA4F2B9C3E0A964D17 /* Observable.swift in Sources */,
				CACC52BE3C86A1968586FD04 /* PaddingLabel.swift in Sources */,
				F329205829E84C5A0073EB4F /* TagLabelsView.swift in Sources */,
				CD3454F02B7299135C9C862D /* ProfileInformationBlockView.swift in Sources */,
				8E20BE80BB8B017AE6344D1F /* ProfileScreenCollectionViewCell.swift in Sources */,
				D089CDBB293B51FAD66C7D3E /* ProfileScreenView.swift in Sources */,
				3C10E47835DB31E4590EE3A7 /* ProfileScreenViewController.swift in Sources */,
				C6CB32C89F8F4CF069D568C3 /* ProfileViewModel.swift in Sources */,
				27C6401BC4F806A72C374011 /* Protocols.swift in Sources */,
				0C2C234BCE811064A7750E01 /* RecomendationMovieCollectionViewCell.swift in Sources */,
				10F1D20EFC999BF08178BA08 /* RecomendationMoviesBlockView.swift in Sources */,
				D422D38EDDDC6598579495A6 /* RequestStatus.swift in Sources */,
				7DE3087B85403ACA59E9D1A5 /* SignInViewController.swift in Sources */,
				F3F465E829E57F2A00DA41FC /* MainCoordinator.swift in Sources */,
				6758ED7BD8FC41D112EBA903 /* AuthViewModel.swift in Sources */,
				3C81E7EE7A307A6C4662F572 /* SignUpScreenView.swift in Sources */,
				E4C483550E93C45502E1A858 /* SignUpViewController.swift in Sources */,
				582C26731ADE6522BF47E68B /* SingInScreenView.swift in Sources */,
				EFE1FE4795066ACF5C87F241 /* TabBarViewController.swift in Sources */,
				0A9AA5643EB129C1E313C177 /* Tag.swift in Sources */,
				FB3E10B71711F3BD9558CD56 /* TitleWithTextView.swift in Sources */,
				D79766AE46993B0685B80025 /* Token.swift in Sources */,
				8FF7CAB7FE73D1CA04642BD8 /* TrendMovieCollectionViewCell.swift in Sources */,
				B5C03BD5800ACDC2F9870281 /* TrendMoviesBlockView.swift in Sources */,
				6FB57ED0A81767D408FDD1ED /* UIColorExtension.swift in Sources */,
				1F3EA29B0C9952BC04651C2E /* UICustomTextField.swift in Sources */,
				B95AA7F68E8FA14563B00A67 /* UIImageViewExtension.swift in Sources */,
				5B95F9E1188F968924B7EB43 /* User.swift in Sources */,
				196841B25AE568637A67FF5B /* VideoPlayerView.swift in Sources */,
				F9CD3711B7FB5D78A5202F45 /* ViewController.swift in Sources */,
			);
			runOnlyForDeploymentPostprocessing = 0;
		};
/* End PBXSourcesBuildPhase section */

/* Begin PBXVariantGroup section */
		767C5B897A8A2A6C41AF7B59 /* LaunchScreen.storyboard */ = {
			isa = PBXVariantGroup;
			children = (
				EE8596B1D273BC4737851DA7 /* Base */,
			);
			name = LaunchScreen.storyboard;
			sourceTree = "<group>";
		};
/* End PBXVariantGroup section */

/* Begin XCBuildConfiguration section */
		0DCA55B8FB0C0D78BDBAF3B6 /* Debug */ = {
			isa = XCBuildConfiguration;
			buildSettings = {
				ALWAYS_SEARCH_USER_PATHS = NO;
				CLANG_ANALYZER_NONNULL = YES;
				CLANG_ANALYZER_NUMBER_OBJECT_CONVERSION = YES_AGGRESSIVE;
				CLANG_CXX_LANGUAGE_STANDARD = "gnu++14";
				CLANG_CXX_LIBRARY = "libc++";
				CLANG_ENABLE_MODULES = YES;
				CLANG_ENABLE_OBJC_ARC = YES;
				CLANG_ENABLE_OBJC_WEAK = YES;
				CLANG_WARN_BLOCK_CAPTURE_AUTORELEASING = YES;
				CLANG_WARN_BOOL_CONVERSION = YES;
				CLANG_WARN_COMMA = YES;
				CLANG_WARN_CONSTANT_CONVERSION = YES;
				CLANG_WARN_DEPRECATED_OBJC_IMPLEMENTATIONS = YES;
				CLANG_WARN_DIRECT_OBJC_ISA_USAGE = YES_ERROR;
				CLANG_WARN_DOCUMENTATION_COMMENTS = YES;
				CLANG_WARN_EMPTY_BODY = YES;
				CLANG_WARN_ENUM_CONVERSION = YES;
				CLANG_WARN_INFINITE_RECURSION = YES;
				CLANG_WARN_INT_CONVERSION = YES;
				CLANG_WARN_NON_LITERAL_NULL_CONVERSION = YES;
				CLANG_WARN_OBJC_IMPLICIT_RETAIN_SELF = YES;
				CLANG_WARN_OBJC_LITERAL_CONVERSION = YES;
				CLANG_WARN_OBJC_ROOT_CLASS = YES_ERROR;
				CLANG_WARN_QUOTED_INCLUDE_IN_FRAMEWORK_HEADER = YES;
				CLANG_WARN_RANGE_LOOP_ANALYSIS = YES;
				CLANG_WARN_STRICT_PROTOTYPES = YES;
				CLANG_WARN_SUSPICIOUS_MOVE = YES;
				CLANG_WARN_UNGUARDED_AVAILABILITY = YES_AGGRESSIVE;
				CLANG_WARN_UNREACHABLE_CODE = YES;
				CLANG_WARN__DUPLICATE_METHOD_MATCH = YES;
				COPY_PHASE_STRIP = NO;
				DEBUG_INFORMATION_FORMAT = dwarf;
				ENABLE_STRICT_OBJC_MSGSEND = YES;
				ENABLE_TESTABILITY = YES;
				GCC_C_LANGUAGE_STANDARD = gnu11;
				GCC_DYNAMIC_NO_PIC = NO;
				GCC_NO_COMMON_BLOCKS = YES;
				GCC_OPTIMIZATION_LEVEL = 0;
				GCC_PREPROCESSOR_DEFINITIONS = (
					"$(inherited)",
					"DEBUG=1",
				);
				GCC_WARN_64_TO_32_BIT_CONVERSION = YES;
				GCC_WARN_ABOUT_RETURN_TYPE = YES_ERROR;
				GCC_WARN_UNDECLARED_SELECTOR = YES;
				GCC_WARN_UNINITIALIZED_AUTOS = YES_AGGRESSIVE;
				GCC_WARN_UNUSED_FUNCTION = YES;
				GCC_WARN_UNUSED_VARIABLE = YES;
				IPHONEOS_DEPLOYMENT_TARGET = 13.0;
				MTL_ENABLE_DEBUG_INFO = INCLUDE_SOURCE;
				MTL_FAST_MATH = YES;
				ONLY_ACTIVE_ARCH = YES;
				PRODUCT_NAME = "$(TARGET_NAME)";
				SDKROOT = iphoneos;
				SWIFT_ACTIVE_COMPILATION_CONDITIONS = DEBUG;
				SWIFT_OPTIMIZATION_LEVEL = "-Onone";
				SWIFT_VERSION = 5.0;
			};
			name = Debug;
		};
		1AA2E71C252B73AAF3351A8A /* Production */ = {
			isa = XCBuildConfiguration;
			buildSettings = {
				ASSETCATALOG_COMPILER_APPICON_NAME = AppIcon;
				ASSETCATALOG_COMPILER_INCLUDE_ALL_APPICON_ASSETS = YES;
				CODE_SIGN_IDENTITY = "iPhone Developer";
				DEVELOPMENT_TEAM = 8F9BJF9KQ5;
				INFOPLIST_FILE = Cinema/Application/Info.plist;
				IPHONEOS_DEPLOYMENT_TARGET = 13.0;
				LD_RUNPATH_SEARCH_PATHS = (
					"$(inherited)",
					"@executable_path/Frameworks",
				);
				PRODUCT_BUNDLE_IDENTIFIER = hits.projectstudy;
				SDKROOT = iphoneos;
				SUPPORTED_PLATFORMS = "iphoneos iphonesimulator";
				SUPPORTS_MACCATALYST = NO;
				SUPPORTS_MAC_DESIGNED_FOR_IPHONE_IPAD = NO;
				TARGETED_DEVICE_FAMILY = 1;
			};
			name = Production;
		};
		5A6667F2C977E804E2A4984F /* Production */ = {
			isa = XCBuildConfiguration;
			buildSettings = {
				ALWAYS_SEARCH_USER_PATHS = NO;
				CLANG_ANALYZER_NONNULL = YES;
				CLANG_ANALYZER_NUMBER_OBJECT_CONVERSION = YES_AGGRESSIVE;
				CLANG_CXX_LANGUAGE_STANDARD = "gnu++14";
				CLANG_CXX_LIBRARY = "libc++";
				CLANG_ENABLE_MODULES = YES;
				CLANG_ENABLE_OBJC_ARC = YES;
				CLANG_ENABLE_OBJC_WEAK = YES;
				CLANG_WARN_BLOCK_CAPTURE_AUTORELEASING = YES;
				CLANG_WARN_BOOL_CONVERSION = YES;
				CLANG_WARN_COMMA = YES;
				CLANG_WARN_CONSTANT_CONVERSION = YES;
				CLANG_WARN_DEPRECATED_OBJC_IMPLEMENTATIONS = YES;
				CLANG_WARN_DIRECT_OBJC_ISA_USAGE = YES_ERROR;
				CLANG_WARN_DOCUMENTATION_COMMENTS = YES;
				CLANG_WARN_EMPTY_BODY = YES;
				CLANG_WARN_ENUM_CONVERSION = YES;
				CLANG_WARN_INFINITE_RECURSION = YES;
				CLANG_WARN_INT_CONVERSION = YES;
				CLANG_WARN_NON_LITERAL_NULL_CONVERSION = YES;
				CLANG_WARN_OBJC_IMPLICIT_RETAIN_SELF = YES;
				CLANG_WARN_OBJC_LITERAL_CONVERSION = YES;
				CLANG_WARN_OBJC_ROOT_CLASS = YES_ERROR;
				CLANG_WARN_QUOTED_INCLUDE_IN_FRAMEWORK_HEADER = YES;
				CLANG_WARN_RANGE_LOOP_ANALYSIS = YES;
				CLANG_WARN_STRICT_PROTOTYPES = YES;
				CLANG_WARN_SUSPICIOUS_MOVE = YES;
				CLANG_WARN_UNGUARDED_AVAILABILITY = YES_AGGRESSIVE;
				CLANG_WARN_UNREACHABLE_CODE = YES;
				CLANG_WARN__DUPLICATE_METHOD_MATCH = YES;
				COPY_PHASE_STRIP = NO;
				DEBUG_INFORMATION_FORMAT = "dwarf-with-dsym";
				ENABLE_NS_ASSERTIONS = NO;
				ENABLE_STRICT_OBJC_MSGSEND = YES;
				GCC_C_LANGUAGE_STANDARD = gnu11;
				GCC_NO_COMMON_BLOCKS = YES;
				GCC_WARN_64_TO_32_BIT_CONVERSION = YES;
				GCC_WARN_ABOUT_RETURN_TYPE = YES_ERROR;
				GCC_WARN_UNDECLARED_SELECTOR = YES;
				GCC_WARN_UNINITIALIZED_AUTOS = YES_AGGRESSIVE;
				GCC_WARN_UNUSED_FUNCTION = YES;
				GCC_WARN_UNUSED_VARIABLE = YES;
				IPHONEOS_DEPLOYMENT_TARGET = 13.0;
				MTL_ENABLE_DEBUG_INFO = NO;
				MTL_FAST_MATH = YES;
				PRODUCT_NAME = "$(TARGET_NAME)";
				SDKROOT = iphoneos;
				SWIFT_COMPILATION_MODE = wholemodule;
				SWIFT_OPTIMIZATION_LEVEL = "-O";
				SWIFT_VERSION = 5.0;
			};
			name = Production;
		};
		71AEE30FBE3E0F045CD974B5 /* Staging */ = {
			isa = XCBuildConfiguration;
			buildSettings = {
				ASSETCATALOG_COMPILER_APPICON_NAME = AppIcon;
				ASSETCATALOG_COMPILER_INCLUDE_ALL_APPICON_ASSETS = YES;
				CODE_SIGN_IDENTITY = "iPhone Developer";
				DEVELOPMENT_TEAM = 8F9BJF9KQ5;
				INFOPLIST_FILE = Cinema/Application/Info.plist;
				IPHONEOS_DEPLOYMENT_TARGET = 13.0;
				LD_RUNPATH_SEARCH_PATHS = (
					"$(inherited)",
					"@executable_path/Frameworks",
				);
				PRODUCT_BUNDLE_IDENTIFIER = hits.projectstudy;
				SDKROOT = iphoneos;
				SUPPORTED_PLATFORMS = "iphoneos iphonesimulator";
				SUPPORTS_MACCATALYST = NO;
				SUPPORTS_MAC_DESIGNED_FOR_IPHONE_IPAD = NO;
				TARGETED_DEVICE_FAMILY = 1;
			};
			name = Staging;
		};
		764AE7132A636C3B90056F0B /* Staging */ = {
			isa = XCBuildConfiguration;
			buildSettings = {
				ALWAYS_SEARCH_USER_PATHS = NO;
				CLANG_ANALYZER_NONNULL = YES;
				CLANG_ANALYZER_NUMBER_OBJECT_CONVERSION = YES_AGGRESSIVE;
				CLANG_CXX_LANGUAGE_STANDARD = "gnu++14";
				CLANG_CXX_LIBRARY = "libc++";
				CLANG_ENABLE_MODULES = YES;
				CLANG_ENABLE_OBJC_ARC = YES;
				CLANG_ENABLE_OBJC_WEAK = YES;
				CLANG_WARN_BLOCK_CAPTURE_AUTORELEASING = YES;
				CLANG_WARN_BOOL_CONVERSION = YES;
				CLANG_WARN_COMMA = YES;
				CLANG_WARN_CONSTANT_CONVERSION = YES;
				CLANG_WARN_DEPRECATED_OBJC_IMPLEMENTATIONS = YES;
				CLANG_WARN_DIRECT_OBJC_ISA_USAGE = YES_ERROR;
				CLANG_WARN_DOCUMENTATION_COMMENTS = YES;
				CLANG_WARN_EMPTY_BODY = YES;
				CLANG_WARN_ENUM_CONVERSION = YES;
				CLANG_WARN_INFINITE_RECURSION = YES;
				CLANG_WARN_INT_CONVERSION = YES;
				CLANG_WARN_NON_LITERAL_NULL_CONVERSION = YES;
				CLANG_WARN_OBJC_IMPLICIT_RETAIN_SELF = YES;
				CLANG_WARN_OBJC_LITERAL_CONVERSION = YES;
				CLANG_WARN_OBJC_ROOT_CLASS = YES_ERROR;
				CLANG_WARN_QUOTED_INCLUDE_IN_FRAMEWORK_HEADER = YES;
				CLANG_WARN_RANGE_LOOP_ANALYSIS = YES;
				CLANG_WARN_STRICT_PROTOTYPES = YES;
				CLANG_WARN_SUSPICIOUS_MOVE = YES;
				CLANG_WARN_UNGUARDED_AVAILABILITY = YES_AGGRESSIVE;
				CLANG_WARN_UNREACHABLE_CODE = YES;
				CLANG_WARN__DUPLICATE_METHOD_MATCH = YES;
				COPY_PHASE_STRIP = NO;
				DEBUG_INFORMATION_FORMAT = "dwarf-with-dsym";
				ENABLE_NS_ASSERTIONS = NO;
				ENABLE_STRICT_OBJC_MSGSEND = YES;
				GCC_C_LANGUAGE_STANDARD = gnu11;
				GCC_NO_COMMON_BLOCKS = YES;
				GCC_WARN_64_TO_32_BIT_CONVERSION = YES;
				GCC_WARN_ABOUT_RETURN_TYPE = YES_ERROR;
				GCC_WARN_UNDECLARED_SELECTOR = YES;
				GCC_WARN_UNINITIALIZED_AUTOS = YES_AGGRESSIVE;
				GCC_WARN_UNUSED_FUNCTION = YES;
				GCC_WARN_UNUSED_VARIABLE = YES;
				IPHONEOS_DEPLOYMENT_TARGET = 13.0;
				MTL_ENABLE_DEBUG_INFO = NO;
				MTL_FAST_MATH = YES;
				PRODUCT_NAME = "$(TARGET_NAME)";
				SDKROOT = iphoneos;
				SWIFT_COMPILATION_MODE = wholemodule;
				SWIFT_OPTIMIZATION_LEVEL = "-O";
				SWIFT_VERSION = 5.0;
			};
			name = Staging;
		};
		C14CAC07E0CA81D8FC9F137F /* Debug */ = {
			isa = XCBuildConfiguration;
			buildSettings = {
				ASSETCATALOG_COMPILER_APPICON_NAME = AppIcon;
				ASSETCATALOG_COMPILER_INCLUDE_ALL_APPICON_ASSETS = YES;
				CODE_SIGN_IDENTITY = "iPhone Developer";
				DEVELOPMENT_TEAM = 8F9BJF9KQ5;
				INFOPLIST_FILE = Cinema/Application/Info.plist;
				IPHONEOS_DEPLOYMENT_TARGET = 13.0;
				LD_RUNPATH_SEARCH_PATHS = (
					"$(inherited)",
					"@executable_path/Frameworks",
				);
				PRODUCT_BUNDLE_IDENTIFIER = hits.projectstudy;
				SDKROOT = iphoneos;
				SUPPORTED_PLATFORMS = "iphoneos iphonesimulator";
				SUPPORTS_MACCATALYST = NO;
				SUPPORTS_MAC_DESIGNED_FOR_IPHONE_IPAD = NO;
				TARGETED_DEVICE_FAMILY = 1;
			};
			name = Debug;
		};
/* End XCBuildConfiguration section */

/* Begin XCConfigurationList section */
		9C5E538AEE7267778CD62D55 /* Build configuration list for PBXProject "Cinema" */ = {
			isa = XCConfigurationList;
			buildConfigurations = (
				0DCA55B8FB0C0D78BDBAF3B6 /* Debug */,
				5A6667F2C977E804E2A4984F /* Production */,
				764AE7132A636C3B90056F0B /* Staging */,
			);
			defaultConfigurationIsVisible = 0;
			defaultConfigurationName = Debug;
		};
		D5C1A2D679A46BC38584060A /* Build configuration list for PBXNativeTarget "Cinema" */ = {
			isa = XCConfigurationList;
			buildConfigurations = (
				C14CAC07E0CA81D8FC9F137F /* Debug */,
				1AA2E71C252B73AAF3351A8A /* Production */,
				71AEE30FBE3E0F045CD974B5 /* Staging */,
			);
			defaultConfigurationIsVisible = 0;
			defaultConfigurationName = Debug;
		};
/* End XCConfigurationList section */

/* Begin XCRemoteSwiftPackageReference section */
		253765CCBFA24C8090E72711 /* XCRemoteSwiftPackageReference "keychain-swift" */ = {
			isa = XCRemoteSwiftPackageReference;
			repositoryURL = "https://github.com/evgenyneu/keychain-swift?ysclid=lgc0sfaqau638640751";
			requirement = {
				branch = master;
				kind = branch;
			};
		};
		64FE61653F79748959CE882D /* XCRemoteSwiftPackageReference "Alamofire" */ = {
			isa = XCRemoteSwiftPackageReference;
			repositoryURL = "https://github.com/Alamofire/Alamofire";
			requirement = {
				kind = upToNextMajorVersion;
				minimumVersion = 5.5.0;
			};
		};
		F38B1C18722EFC9997F2D426 /* XCRemoteSwiftPackageReference "SnapKit" */ = {
			isa = XCRemoteSwiftPackageReference;
			repositoryURL = "https://github.com/SnapKit/SnapKit";
			requirement = {
				branch = develop;
				kind = branch;
			};
		};
/* End XCRemoteSwiftPackageReference section */

/* Begin XCSwiftPackageProductDependency section */
		219A57A8C588EE239CF9A5CA /* SnapKit */ = {
			isa = XCSwiftPackageProductDependency;
			package = F38B1C18722EFC9997F2D426 /* XCRemoteSwiftPackageReference "SnapKit" */;
			productName = SnapKit;
		};
		630C161B64303AA52DF2F086 /* KeychainSwift */ = {
			isa = XCSwiftPackageProductDependency;
			package = 253765CCBFA24C8090E72711 /* XCRemoteSwiftPackageReference "keychain-swift" */;
			productName = KeychainSwift;
		};
		AB07091A3D8F47008976ABC8 /* Alamofire */ = {
			isa = XCSwiftPackageProductDependency;
			package = 64FE61653F79748959CE882D /* XCRemoteSwiftPackageReference "Alamofire" */;
			productName = Alamofire;
		};
/* End XCSwiftPackageProductDependency section */
	};
	rootObject = CB65C5AAD396F27F893A18CE /* Project object */;
}
