// !$*UTF8*$!
{
	archiveVersion = 1;
	classes = {
	};
	objectVersion = 52;
	objects = {

/* Begin PBXBuildFile section */
		00F47B140C943177915B9898 /* DisscusionScreenViewController.swift in Sources */ = {isa = PBXBuildFile; fileRef = 76B33C9317024691102F9962 /* DisscusionScreenViewController.swift */; };
		046F90D8CA32E92F62739B13 /* ISignInViewModel.swift in Sources */ = {isa = PBXBuildFile; fileRef = 0183517C3ED716C2669FF5AF /* ISignInViewModel.swift */; };
		05BCD2DE7A9563316478C0E0 /* KeychainSwift in Frameworks */ = {isa = PBXBuildFile; productRef = 630C161B64303AA52DF2F086 /* KeychainSwift */; };
		09A6F2753FCE909125575117 /* SFProText-Regular.ttf in Resources */ = {isa = PBXBuildFile; fileRef = 27C43590ED08A98E88FB94FC /* SFProText-Regular.ttf */; };
		0F611A743E8A351FC985E7DF /* AuthUserDTO.swift in Sources */ = {isa = PBXBuildFile; fileRef = F1170D3A546DF3240D0FD5A6 /* AuthUserDTO.swift */; };
		15AB136639A6D8F1CC43C4B1 /* ProfileCoordinator.swift in Sources */ = {isa = PBXBuildFile; fileRef = ECA43B464AED596BFEBF1732 /* ProfileCoordinator.swift */; };
		1843D4D1C3B4D1700A8A6FED /* CompilationCoordinator.swift in Sources */ = {isa = PBXBuildFile; fileRef = A963AF278BE9F86E10C26D70 /* CompilationCoordinator.swift */; };
		1BE8608274C5022B9380681E /* ValidationAuthScreen.swift in Sources */ = {isa = PBXBuildFile; fileRef = 20A9303B7DD4DDC235554BBD /* ValidationAuthScreen.swift */; };
		223D830CF803C8BC3F80B1D0 /* SFProText-Bold.ttf in Resources */ = {isa = PBXBuildFile; fileRef = 3B1089A0596E50F78B8DA545 /* SFProText-Bold.ttf */; };
		27C6401BC4F806A72C374011 /* Protocols.swift in Sources */ = {isa = PBXBuildFile; fileRef = 5CBDAB137B328B69FBB7C59E /* Protocols.swift */; };
		338C7484430E24AAA21BD4AC /* DisscusionScreenView.swift in Sources */ = {isa = PBXBuildFile; fileRef = 4EFAFA25BBB11E9C0599B6D7 /* DisscusionScreenView.swift */; };
		36456FB658AE7CE14CEF1E69 /* AppDelegate.swift in Sources */ = {isa = PBXBuildFile; fileRef = A328BCA3DE7878499BA63D19 /* AppDelegate.swift */; };
		3AE6E398BD1A8122636D7EE2 /* LaunchScreen.storyboard in Resources */ = {isa = PBXBuildFile; fileRef = 767C5B897A8A2A6C41AF7B59 /* LaunchScreen.storyboard */; };
		3B515F4B537ED891DFCB62F1 /* ApiRepository.swift in Sources */ = {isa = PBXBuildFile; fileRef = 82F467DAABBD78703C4D40B1 /* ApiRepository.swift */; };
		3C10E47835DB31E4590EE3A7 /* ProfileScreenViewController.swift in Sources */ = {isa = PBXBuildFile; fileRef = 4BBF9D3D4D441A638ABBA526 /* ProfileScreenViewController.swift */; };
		3C81E7EE7A307A6C4662F572 /* SignUpScreenView.swift in Sources */ = {isa = PBXBuildFile; fileRef = 9AED34B305382379EF24B17D /* SignUpScreenView.swift */; };
		43E46CDA76243BA5337FA4F6 /* ISignUpViewModel.swift in Sources */ = {isa = PBXBuildFile; fileRef = 2DB5F23EE5A827D91FADFBA5 /* ISignUpViewModel.swift */; };
		49695B54636BEA8CDBD6EB94 /* DisscusionScreenCollectionViewCell.swift in Sources */ = {isa = PBXBuildFile; fileRef = D50D9CBA03C3D98433CC7E7E /* DisscusionScreenCollectionViewCell.swift */; };
		4A7D654244EFC3C27A0511B8 /* SFProText-Medium.ttf in Resources */ = {isa = PBXBuildFile; fileRef = 222A386987159657E348E8FF /* SFProText-Medium.ttf */; };
		4B2C7CA77765B6AC708D85CC /* SignScreenViewModel.swift~logic-home-screen_0 in Resources */ = {isa = PBXBuildFile; fileRef = F4E12981E9CEEA157A53FEAC /* SignScreenViewModel.swift~logic-home-screen_0 */; };
		4ED569A8EE898C99065AAB06 /* CollectionsScreenViewController.swift in Sources */ = {isa = PBXBuildFile; fileRef = 72F97C9123C6E1285AEFA6BE /* CollectionsScreenViewController.swift */; };
		53EC33C1958C1C22C9E5D05D /* Coordinator.swift in Sources */ = {isa = PBXBuildFile; fileRef = 08FAFC509C755970DF63F90B /* Coordinator.swift */; };
		582C26731ADE6522BF47E68B /* SingInScreenView.swift in Sources */ = {isa = PBXBuildFile; fileRef = AC72DF3D36EB2CF3FEF4BFF9 /* SingInScreenView.swift */; };
		5B4AA9911691281B9992E220 /* Message.swift in Sources */ = {isa = PBXBuildFile; fileRef = C04196C4758C75E27E93066C /* Message.swift */; };
		5B95F9E1188F968924B7EB43 /* User.swift in Sources */ = {isa = PBXBuildFile; fileRef = 938663EDEDA73263C5B6ED55 /* User.swift */; };
		5F578C4015EE75D15F8F8E77 /* SignScreenViewModel.swift~HEAD_1 in Resources */ = {isa = PBXBuildFile; fileRef = 8648D1FA26FD51537474C7CA /* SignScreenViewModel.swift~HEAD_1 */; };
		628329DA4F2B9C3E0A964D17 /* Observable.swift in Sources */ = {isa = PBXBuildFile; fileRef = 2D8BED3937B40B370710B2CA /* Observable.swift */; };
		6758ED7BD8FC41D112EBA903 /* SignScreenViewModel.swift in Sources */ = {isa = PBXBuildFile; fileRef = 7FB0FCE1A3DF28AED0BC35EC /* SignScreenViewModel.swift */; };
		67948ACBF5BEF2776D23D99A /* CircleImageView.swift in Sources */ = {isa = PBXBuildFile; fileRef = 3B98E04F83C6C90C758B5127 /* CircleImageView.swift */; };
		6CE86809E46E68E0F2EC887C /* HomeCoordinator.swift in Sources */ = {isa = PBXBuildFile; fileRef = 5205325C13A157C1B4693CB7 /* HomeCoordinator.swift */; };
		6FB57ED0A81767D408FDD1ED /* UIColorExtension.swift in Sources */ = {isa = PBXBuildFile; fileRef = BD84CC129B94D92216D05020 /* UIColorExtension.swift */; };
		73BDFAED0AB25A414717D248 /* SignScreenViewModel.swift~develop in Resources */ = {isa = PBXBuildFile; fileRef = A529BF6E9620651194D3F59D /* SignScreenViewModel.swift~develop */; };
		75C3EB2C99671749E5A66E28 /* Assets.xcassets in Resources */ = {isa = PBXBuildFile; fileRef = C7237CCC2B36F02603F68D3B /* Assets.xcassets */; };
		77EF412D8DD19BD6AD20C688 /* CollectionsScreenCollectionViewCell.swift in Sources */ = {isa = PBXBuildFile; fileRef = 3EC0204AE7D07D77CEF79FC5 /* CollectionsScreenCollectionViewCell.swift */; };
		7DE3087B85403ACA59E9D1A5 /* SignInViewController.swift in Sources */ = {isa = PBXBuildFile; fileRef = 6B84C8B6EB4AEECEE9221D01 /* SignInViewController.swift */; };
		8C6260C3A1573AE0C0EC3A65 /* SignScreenViewModel.swift~develop_0 in Resources */ = {isa = PBXBuildFile; fileRef = B4856BA43D95D7673DCCF57E /* SignScreenViewModel.swift~develop_0 */; };
		8E20BE80BB8B017AE6344D1F /* ProfileScreenCollectionViewCell.swift in Sources */ = {isa = PBXBuildFile; fileRef = 6A2B3809DCF2D81DE523B4AB /* ProfileScreenCollectionViewCell.swift */; };
		8FB02CABD4504B6795A771C8 /* SignScreenViewModel.swift~HEAD_2 in Resources */ = {isa = PBXBuildFile; fileRef = EEFEA8A6CE460484CA4EEE77 /* SignScreenViewModel.swift~HEAD_2 */; };
		91B6BC727CCFE65527D8B83F /* SFProText-Semibold.ttf in Resources */ = {isa = PBXBuildFile; fileRef = 60237F4B8B08D5CCD873A71E /* SFProText-Semibold.ttf */; };
		9D960CA03C685A8A8631FBCC /* UICustomTextField.swift in Sources */ = {isa = PBXBuildFile; fileRef = 9DB92B0C6ED2031673508945 /* UICustomTextField.swift */; };
		9DAE7800BCB21F208E1B29D1 /* AuthUser.swift in Sources */ = {isa = PBXBuildFile; fileRef = 4381F3908A54387E7EB8C772 /* AuthUser.swift */; };
		9E3827051C866BF6526D9105 /* IProfileViewModel.swift in Sources */ = {isa = PBXBuildFile; fileRef = FF74D298119B14793858F471 /* IProfileViewModel.swift */; };
		AD39238523FD4394E5E21741 /* Alamofire in Frameworks */ = {isa = PBXBuildFile; productRef = AB07091A3D8F47008976ABC8 /* Alamofire */; };
		B7AC28DA033D12CB8DD0A476 /* SignScreenViewModel.swift~HEAD_0 in Resources */ = {isa = PBXBuildFile; fileRef = 7AF70A55F35E5234560A23C9 /* SignScreenViewModel.swift~HEAD_0 */; };
		B95AA7F68E8FA14563B00A67 /* UIImageViewExtension.swift in Sources */ = {isa = PBXBuildFile; fileRef = 3DDBEDA1869E7674E5AFB972 /* UIImageViewExtension.swift */; };
		BAC8193D39D3CE3A70B40F07 /* CollectionsCoorditanor.swift in Sources */ = {isa = PBXBuildFile; fileRef = 4CEB346FAFB6D69A25D288A4 /* CollectionsCoorditanor.swift */; };
		BFD7D1D1B38F1C6C42AF353B /* AppCoordinator.swift in Sources */ = {isa = PBXBuildFile; fileRef = 39D41914FFAAACF706B6D27C /* AppCoordinator.swift */; };
		C1A2C3F9B76A5A9CC8F13665 /* Chat.swift in Sources */ = {isa = PBXBuildFile; fileRef = F61D8B6B1D2E6CC139C8B5A1 /* Chat.swift */; };
		C25DA595ECE75B0D06E0975A /* SnapKit in Frameworks */ = {isa = PBXBuildFile; productRef = 219A57A8C588EE239CF9A5CA /* SnapKit */; };
		C3283A2700274DE691863E2C /* AuthCoordinator.swift in Sources */ = {isa = PBXBuildFile; fileRef = D126F9D5B30261E579CD6259 /* AuthCoordinator.swift */; };
		C6CB32C89F8F4CF069D568C3 /* ProfileViewModel.swift in Sources */ = {isa = PBXBuildFile; fileRef = CA8B1CF88D15A8FD2F3F12C1 /* ProfileViewModel.swift */; };
		CD3454F02B7299135C9C862D /* ProfileInformationBlockView.swift in Sources */ = {isa = PBXBuildFile; fileRef = E7011E2D68544EDD46ABC416 /* ProfileInformationBlockView.swift */; };
		D007DF5C9FC9DB4E8E13F19A /* SignScreenViewModel.swift~logic-home-screen_1 in Resources */ = {isa = PBXBuildFile; fileRef = 0E1CB4D26322112EDAFD84DF /* SignScreenViewModel.swift~logic-home-screen_1 */; };
		D089CDBB293B51FAD66C7D3E /* ProfileScreenView.swift in Sources */ = {isa = PBXBuildFile; fileRef = AACE15BA7C50685EEDEFB976 /* ProfileScreenView.swift */; };
		D422D38EDDDC6598579495A6 /* RequestStatus.swift in Sources */ = {isa = PBXBuildFile; fileRef = F60EF0F360543A1783B40796 /* RequestStatus.swift */; };
		D79766AE46993B0685B80025 /* Token.swift in Sources */ = {isa = PBXBuildFile; fileRef = 61156BC3F3D0C6DDB647EF56 /* Token.swift */; };
		DA17253BC59FA21887A3AB1D /* Navigation.swift in Sources */ = {isa = PBXBuildFile; fileRef = 2305FC2BD4880B8FEE53EADA /* Navigation.swift */; };
		DF8A9B5785DF6AC99479123B /* MainCoordinator.swift in Sources */ = {isa = PBXBuildFile; fileRef = F51D67BAC8FE3CB43C88CA25 /* MainCoordinator.swift */; };
		E273B6AECE3B9F6B4DC57D18 /* CollectionsScreenView.swift in Sources */ = {isa = PBXBuildFile; fileRef = A3164531877F01485C35AF82 /* CollectionsScreenView.swift */; };
		E290297EC8CDDE2A12AF21A1 /* SignScreenViewModel.swift~HEAD_3 in Resources */ = {isa = PBXBuildFile; fileRef = 13EF73081314FD8660A9C65E /* SignScreenViewModel.swift~HEAD_3 */; };
		E4C483550E93C45502E1A858 /* SignUpViewController.swift in Sources */ = {isa = PBXBuildFile; fileRef = 7C3706049E01CFF26C8F2244 /* SignUpViewController.swift */; };
		EFE1FE4795066ACF5C87F241 /* TabBarViewController.swift in Sources */ = {isa = PBXBuildFile; fileRef = 3E92831647BC2B3389F6B67A /* TabBarViewController.swift */; };
		F9CD3711B7FB5D78A5202F45 /* ViewController.swift in Sources */ = {isa = PBXBuildFile; fileRef = 68632CC0DEA8ACCC00E5FF88 /* ViewController.swift */; };
/* End PBXBuildFile section */

/* Begin PBXFileReference section */
		0183517C3ED716C2669FF5AF /* ISignInViewModel.swift */ = {isa = PBXFileReference; lastKnownFileType = sourcecode.swift; path = ISignInViewModel.swift; sourceTree = "<group>"; };
		08FAFC509C755970DF63F90B /* Coordinator.swift */ = {isa = PBXFileReference; lastKnownFileType = sourcecode.swift; path = Coordinator.swift; sourceTree = "<group>"; };
		0E1CB4D26322112EDAFD84DF /* SignScreenViewModel.swift~logic-home-screen_1 */ = {isa = PBXFileReference; lastKnownFileType = text; path = "SignScreenViewModel.swift~logic-home-screen_1"; sourceTree = "<group>"; };
		13EF73081314FD8660A9C65E /* SignScreenViewModel.swift~HEAD_3 */ = {isa = PBXFileReference; lastKnownFileType = text; path = "SignScreenViewModel.swift~HEAD_3"; sourceTree = "<group>"; };
		20A9303B7DD4DDC235554BBD /* ValidationAuthScreen.swift */ = {isa = PBXFileReference; lastKnownFileType = sourcecode.swift; path = ValidationAuthScreen.swift; sourceTree = "<group>"; };
		222A386987159657E348E8FF /* SFProText-Medium.ttf */ = {isa = PBXFileReference; lastKnownFileType = file; path = "SFProText-Medium.ttf"; sourceTree = "<group>"; };
		2305FC2BD4880B8FEE53EADA /* Navigation.swift */ = {isa = PBXFileReference; lastKnownFileType = sourcecode.swift; path = Navigation.swift; sourceTree = "<group>"; };
		27C26273E389B989847F52E2 /* Info.plist */ = {isa = PBXFileReference; lastKnownFileType = text.plist; path = Info.plist; sourceTree = "<group>"; };
		27C43590ED08A98E88FB94FC /* SFProText-Regular.ttf */ = {isa = PBXFileReference; lastKnownFileType = file; path = "SFProText-Regular.ttf"; sourceTree = "<group>"; };
		2D8BED3937B40B370710B2CA /* Observable.swift */ = {isa = PBXFileReference; lastKnownFileType = sourcecode.swift; path = Observable.swift; sourceTree = "<group>"; };
		2DB5F23EE5A827D91FADFBA5 /* ISignUpViewModel.swift */ = {isa = PBXFileReference; lastKnownFileType = sourcecode.swift; path = ISignUpViewModel.swift; sourceTree = "<group>"; };
		39D41914FFAAACF706B6D27C /* AppCoordinator.swift */ = {isa = PBXFileReference; lastKnownFileType = sourcecode.swift; path = AppCoordinator.swift; sourceTree = "<group>"; };
		3B1089A0596E50F78B8DA545 /* SFProText-Bold.ttf */ = {isa = PBXFileReference; lastKnownFileType = file; path = "SFProText-Bold.ttf"; sourceTree = "<group>"; };
		3B98E04F83C6C90C758B5127 /* CircleImageView.swift */ = {isa = PBXFileReference; lastKnownFileType = sourcecode.swift; path = CircleImageView.swift; sourceTree = "<group>"; };
		3DDBEDA1869E7674E5AFB972 /* UIImageViewExtension.swift */ = {isa = PBXFileReference; lastKnownFileType = sourcecode.swift; path = UIImageViewExtension.swift; sourceTree = "<group>"; };
		3E92831647BC2B3389F6B67A /* TabBarViewController.swift */ = {isa = PBXFileReference; lastKnownFileType = sourcecode.swift; path = TabBarViewController.swift; sourceTree = "<group>"; };
		3EC0204AE7D07D77CEF79FC5 /* CollectionsScreenCollectionViewCell.swift */ = {isa = PBXFileReference; lastKnownFileType = sourcecode.swift; path = CollectionsScreenCollectionViewCell.swift; sourceTree = "<group>"; };
		4381F3908A54387E7EB8C772 /* AuthUser.swift */ = {isa = PBXFileReference; lastKnownFileType = sourcecode.swift; path = AuthUser.swift; sourceTree = "<group>"; };
		4BBF9D3D4D441A638ABBA526 /* ProfileScreenViewController.swift */ = {isa = PBXFileReference; lastKnownFileType = sourcecode.swift; path = ProfileScreenViewController.swift; sourceTree = "<group>"; };
		4CEB346FAFB6D69A25D288A4 /* CollectionsCoorditanor.swift */ = {isa = PBXFileReference; lastKnownFileType = sourcecode.swift; path = CollectionsCoorditanor.swift; sourceTree = "<group>"; };
		4EFAFA25BBB11E9C0599B6D7 /* DisscusionScreenView.swift */ = {isa = PBXFileReference; lastKnownFileType = sourcecode.swift; path = DisscusionScreenView.swift; sourceTree = "<group>"; };
		5205325C13A157C1B4693CB7 /* HomeCoordinator.swift */ = {isa = PBXFileReference; lastKnownFileType = sourcecode.swift; path = HomeCoordinator.swift; sourceTree = "<group>"; };
		5CBDAB137B328B69FBB7C59E /* Protocols.swift */ = {isa = PBXFileReference; lastKnownFileType = sourcecode.swift; path = Protocols.swift; sourceTree = "<group>"; };
		60237F4B8B08D5CCD873A71E /* SFProText-Semibold.ttf */ = {isa = PBXFileReference; lastKnownFileType = file; path = "SFProText-Semibold.ttf"; sourceTree = "<group>"; };
		61156BC3F3D0C6DDB647EF56 /* Token.swift */ = {isa = PBXFileReference; lastKnownFileType = sourcecode.swift; path = Token.swift; sourceTree = "<group>"; };
		68632CC0DEA8ACCC00E5FF88 /* ViewController.swift */ = {isa = PBXFileReference; lastKnownFileType = sourcecode.swift; path = ViewController.swift; sourceTree = "<group>"; };
		6A2B3809DCF2D81DE523B4AB /* ProfileScreenCollectionViewCell.swift */ = {isa = PBXFileReference; lastKnownFileType = sourcecode.swift; path = ProfileScreenCollectionViewCell.swift; sourceTree = "<group>"; };
		6B84C8B6EB4AEECEE9221D01 /* SignInViewController.swift */ = {isa = PBXFileReference; lastKnownFileType = sourcecode.swift; path = SignInViewController.swift; sourceTree = "<group>"; };
		72F97C9123C6E1285AEFA6BE /* CollectionsScreenViewController.swift */ = {isa = PBXFileReference; lastKnownFileType = sourcecode.swift; path = CollectionsScreenViewController.swift; sourceTree = "<group>"; };
		76B33C9317024691102F9962 /* DisscusionScreenViewController.swift */ = {isa = PBXFileReference; lastKnownFileType = sourcecode.swift; path = DisscusionScreenViewController.swift; sourceTree = "<group>"; };
		7AF70A55F35E5234560A23C9 /* SignScreenViewModel.swift~HEAD_0 */ = {isa = PBXFileReference; lastKnownFileType = text; path = "SignScreenViewModel.swift~HEAD_0"; sourceTree = "<group>"; };
		7C3706049E01CFF26C8F2244 /* SignUpViewController.swift */ = {isa = PBXFileReference; lastKnownFileType = sourcecode.swift; path = SignUpViewController.swift; sourceTree = "<group>"; };
		7FB0FCE1A3DF28AED0BC35EC /* SignScreenViewModel.swift */ = {isa = PBXFileReference; lastKnownFileType = sourcecode.swift; path = SignScreenViewModel.swift; sourceTree = "<group>"; };
		82F467DAABBD78703C4D40B1 /* ApiRepository.swift */ = {isa = PBXFileReference; lastKnownFileType = sourcecode.swift; path = ApiRepository.swift; sourceTree = "<group>"; };
		8648D1FA26FD51537474C7CA /* SignScreenViewModel.swift~HEAD_1 */ = {isa = PBXFileReference; lastKnownFileType = text; path = "SignScreenViewModel.swift~HEAD_1"; sourceTree = "<group>"; };
		938663EDEDA73263C5B6ED55 /* User.swift */ = {isa = PBXFileReference; lastKnownFileType = sourcecode.swift; path = User.swift; sourceTree = "<group>"; };
		9AED34B305382379EF24B17D /* SignUpScreenView.swift */ = {isa = PBXFileReference; lastKnownFileType = sourcecode.swift; path = SignUpScreenView.swift; sourceTree = "<group>"; };
		9DB92B0C6ED2031673508945 /* UICustomTextField.swift */ = {isa = PBXFileReference; lastKnownFileType = sourcecode.swift; path = UICustomTextField.swift; sourceTree = "<group>"; };
		A3164531877F01485C35AF82 /* CollectionsScreenView.swift */ = {isa = PBXFileReference; lastKnownFileType = sourcecode.swift; path = CollectionsScreenView.swift; sourceTree = "<group>"; };
		A328BCA3DE7878499BA63D19 /* AppDelegate.swift */ = {isa = PBXFileReference; lastKnownFileType = sourcecode.swift; path = AppDelegate.swift; sourceTree = "<group>"; };
		A529BF6E9620651194D3F59D /* SignScreenViewModel.swift~develop */ = {isa = PBXFileReference; lastKnownFileType = text; path = "SignScreenViewModel.swift~develop"; sourceTree = "<group>"; };
		A963AF278BE9F86E10C26D70 /* CompilationCoordinator.swift */ = {isa = PBXFileReference; lastKnownFileType = sourcecode.swift; path = CompilationCoordinator.swift; sourceTree = "<group>"; };
		AACE15BA7C50685EEDEFB976 /* ProfileScreenView.swift */ = {isa = PBXFileReference; lastKnownFileType = sourcecode.swift; path = ProfileScreenView.swift; sourceTree = "<group>"; };
		AC72DF3D36EB2CF3FEF4BFF9 /* SingInScreenView.swift */ = {isa = PBXFileReference; lastKnownFileType = sourcecode.swift; path = SingInScreenView.swift; sourceTree = "<group>"; };
		B4856BA43D95D7673DCCF57E /* SignScreenViewModel.swift~develop_0 */ = {isa = PBXFileReference; lastKnownFileType = text; path = "SignScreenViewModel.swift~develop_0"; sourceTree = "<group>"; };
		BD84CC129B94D92216D05020 /* UIColorExtension.swift */ = {isa = PBXFileReference; lastKnownFileType = sourcecode.swift; path = UIColorExtension.swift; sourceTree = "<group>"; };
		C04196C4758C75E27E93066C /* Message.swift */ = {isa = PBXFileReference; lastKnownFileType = sourcecode.swift; path = Message.swift; sourceTree = "<group>"; };
		C7237CCC2B36F02603F68D3B /* Assets.xcassets */ = {isa = PBXFileReference; lastKnownFileType = folder.assetcatalog; path = Assets.xcassets; sourceTree = "<group>"; };
		CA8B1CF88D15A8FD2F3F12C1 /* ProfileViewModel.swift */ = {isa = PBXFileReference; lastKnownFileType = sourcecode.swift; path = ProfileViewModel.swift; sourceTree = "<group>"; };
		D126F9D5B30261E579CD6259 /* AuthCoordinator.swift */ = {isa = PBXFileReference; lastKnownFileType = sourcecode.swift; path = AuthCoordinator.swift; sourceTree = "<group>"; };
		D50D9CBA03C3D98433CC7E7E /* DisscusionScreenCollectionViewCell.swift */ = {isa = PBXFileReference; lastKnownFileType = sourcecode.swift; path = DisscusionScreenCollectionViewCell.swift; sourceTree = "<group>"; };
		E7011E2D68544EDD46ABC416 /* ProfileInformationBlockView.swift */ = {isa = PBXFileReference; lastKnownFileType = sourcecode.swift; path = ProfileInformationBlockView.swift; sourceTree = "<group>"; };
		E94966236921CC6C34C05081 /* Cinema.app */ = {isa = PBXFileReference; explicitFileType = wrapper.application; includeInIndex = 0; path = Cinema.app; sourceTree = BUILT_PRODUCTS_DIR; };
		ECA43B464AED596BFEBF1732 /* ProfileCoordinator.swift */ = {isa = PBXFileReference; lastKnownFileType = sourcecode.swift; path = ProfileCoordinator.swift; sourceTree = "<group>"; };
		EE8596B1D273BC4737851DA7 /* Base */ = {isa = PBXFileReference; lastKnownFileType = file.storyboard; name = Base; path = Base.lproj/LaunchScreen.storyboard; sourceTree = "<group>"; };
		EEFEA8A6CE460484CA4EEE77 /* SignScreenViewModel.swift~HEAD_2 */ = {isa = PBXFileReference; lastKnownFileType = text; path = "SignScreenViewModel.swift~HEAD_2"; sourceTree = "<group>"; };
		F1170D3A546DF3240D0FD5A6 /* AuthUserDTO.swift */ = {isa = PBXFileReference; lastKnownFileType = sourcecode.swift; path = AuthUserDTO.swift; sourceTree = "<group>"; };
		F4E12981E9CEEA157A53FEAC /* SignScreenViewModel.swift~logic-home-screen_0 */ = {isa = PBXFileReference; lastKnownFileType = text; path = "SignScreenViewModel.swift~logic-home-screen_0"; sourceTree = "<group>"; };
		F51D67BAC8FE3CB43C88CA25 /* MainCoordinator.swift */ = {isa = PBXFileReference; lastKnownFileType = sourcecode.swift; path = MainCoordinator.swift; sourceTree = "<group>"; };
		F60EF0F360543A1783B40796 /* RequestStatus.swift */ = {isa = PBXFileReference; lastKnownFileType = sourcecode.swift; path = RequestStatus.swift; sourceTree = "<group>"; };
		F61D8B6B1D2E6CC139C8B5A1 /* Chat.swift */ = {isa = PBXFileReference; lastKnownFileType = sourcecode.swift; path = Chat.swift; sourceTree = "<group>"; };
		FF74D298119B14793858F471 /* IProfileViewModel.swift */ = {isa = PBXFileReference; lastKnownFileType = sourcecode.swift; path = IProfileViewModel.swift; sourceTree = "<group>"; };
/* End PBXFileReference section */

/* Begin PBXFrameworksBuildPhase section */
		75FA0BB749EA503C305ECD8A /* Frameworks */ = {
			isa = PBXFrameworksBuildPhase;
			buildActionMask = 2147483647;
			files = (
				AD39238523FD4394E5E21741 /* Alamofire in Frameworks */,
				C25DA595ECE75B0D06E0975A /* SnapKit in Frameworks */,
				05BCD2DE7A9563316478C0E0 /* KeychainSwift in Frameworks */,
			);
			runOnlyForDeploymentPostprocessing = 0;
		};
/* End PBXFrameworksBuildPhase section */

/* Begin PBXGroup section */
		05B00472227209A5830F8964 /* Models */ = {
			isa = PBXGroup;
			children = (
				4381F3908A54387E7EB8C772 /* AuthUser.swift */,
				F61D8B6B1D2E6CC139C8B5A1 /* Chat.swift */,
				C04196C4758C75E27E93066C /* Message.swift */,
				F60EF0F360543A1783B40796 /* RequestStatus.swift */,
				61156BC3F3D0C6DDB647EF56 /* Token.swift */,
				938663EDEDA73263C5B6ED55 /* User.swift */,
				4DFD26DC4CD5BFE9F6FE250C /* Bindings */,
				BABF44E7B45A00A80EBFDA19 /* DTOs */,
				0B01C093473C1C1E84AED0ED /* Validation */,
			);
			path = Models;
			sourceTree = "<group>";
		};
		0B01C093473C1C1E84AED0ED /* Validation */ = {
			isa = PBXGroup;
			children = (
				20A9303B7DD4DDC235554BBD /* ValidationAuthScreen.swift */,
			);
			path = Validation;
			sourceTree = "<group>";
		};
		124E602B31159B6DE8E114DF /* ProfileScreen */ = {
			isa = PBXGroup;
			children = (
				E7011E2D68544EDD46ABC416 /* ProfileInformationBlockView.swift */,
				6A2B3809DCF2D81DE523B4AB /* ProfileScreenCollectionViewCell.swift */,
				AACE15BA7C50685EEDEFB976 /* ProfileScreenView.swift */,
				4BBF9D3D4D441A638ABBA526 /* ProfileScreenViewController.swift */,
				68632CC0DEA8ACCC00E5FF88 /* ViewController.swift */,
			);
			path = ProfileScreen;
			sourceTree = "<group>";
		};
		22F6CA83E2A264C3FFC152FC /* AuthScreens */ = {
			isa = PBXGroup;
			children = (
				9DB92B0C6ED2031673508945 /* UICustomTextField.swift */,
				ED542EC33AD7A947D6D523B9 /* SignInScreen */,
				2FF0C51A74E48CD0D068962A /* SignUpScreen */,
			);
			path = AuthScreens;
			sourceTree = "<group>";
		};
		2FF0C51A74E48CD0D068962A /* SignUpScreen */ = {
			isa = PBXGroup;
			children = (
				9AED34B305382379EF24B17D /* SignUpScreenView.swift */,
				7C3706049E01CFF26C8F2244 /* SignUpViewController.swift */,
			);
			path = SignUpScreen;
			sourceTree = "<group>";
		};
		37092E9F1C5E1EFAE5DBA5A3 /* Protocol */ = {
			isa = PBXGroup;
			children = (
				08FAFC509C755970DF63F90B /* Coordinator.swift */,
			);
			path = Protocol;
			sourceTree = "<group>";
		};
		3AD6FDCDBEE3D62CEB3D81D7 /* CustomViews */ = {
			isa = PBXGroup;
			children = (
				3B98E04F83C6C90C758B5127 /* CircleImageView.swift */,
			);
			path = CustomViews;
			sourceTree = "<group>";
		};
		4130B066D1F903B654A15128 /* Products */ = {
			isa = PBXGroup;
			children = (
				E94966236921CC6C34C05081 /* Cinema.app */,
			);
			name = Products;
			sourceTree = "<group>";
		};
		4CC4E819521FDB9A8BD2A9D5 /* Resources */ = {
			isa = PBXGroup;
			children = (
				6AD63EF1DE4F21B4709801A9 /* Fonts */,
			);
			path = Resources;
			sourceTree = "<group>";
		};
		4DFD26DC4CD5BFE9F6FE250C /* Bindings */ = {
			isa = PBXGroup;
			children = (
				2D8BED3937B40B370710B2CA /* Observable.swift */,
			);
			path = Bindings;
			sourceTree = "<group>";
		};
		62FF5172DA045030BBD0E2A4 /* Api */ = {
			isa = PBXGroup;
			children = (
				82F467DAABBD78703C4D40B1 /* ApiRepository.swift */,
				5CBDAB137B328B69FBB7C59E /* Protocols.swift */,
			);
			path = Api;
			sourceTree = "<group>";
		};
		6445C63166E6023C80D2C96D /* TabBar */ = {
			isa = PBXGroup;
			children = (
				3E92831647BC2B3389F6B67A /* TabBarViewController.swift */,
			);
			path = TabBar;
			sourceTree = "<group>";
		};
		69F0860B23CACC74441A1C13 /* Protocols */ = {
			isa = PBXGroup;
			children = (
				FF74D298119B14793858F471 /* IProfileViewModel.swift */,
				0183517C3ED716C2669FF5AF /* ISignInViewModel.swift */,
				2DB5F23EE5A827D91FADFBA5 /* ISignUpViewModel.swift */,
				2305FC2BD4880B8FEE53EADA /* Navigation.swift */,
			);
			path = Protocols;
			sourceTree = "<group>";
		};
		6AD63EF1DE4F21B4709801A9 /* Fonts */ = {
			isa = PBXGroup;
			children = (
				3B1089A0596E50F78B8DA545 /* SFProText-Bold.ttf */,
				222A386987159657E348E8FF /* SFProText-Medium.ttf */,
				27C43590ED08A98E88FB94FC /* SFProText-Regular.ttf */,
				60237F4B8B08D5CCD873A71E /* SFProText-Semibold.ttf */,
			);
			path = Fonts;
			sourceTree = "<group>";
		};
		790574AA7A53CE473BECD376 /* Storyboards */ = {
			isa = PBXGroup;
			children = (
				767C5B897A8A2A6C41AF7B59 /* LaunchScreen.storyboard */,
			);
			path = Storyboards;
			sourceTree = "<group>";
		};
		87207E40FA4AC9413D62DEFB /* ViewModels */ = {
			isa = PBXGroup;
			children = (
				CA8B1CF88D15A8FD2F3F12C1 /* ProfileViewModel.swift */,
				7FB0FCE1A3DF28AED0BC35EC /* SignScreenViewModel.swift */,
				A529BF6E9620651194D3F59D /* SignScreenViewModel.swift~develop */,
				B4856BA43D95D7673DCCF57E /* SignScreenViewModel.swift~develop_0 */,
				7AF70A55F35E5234560A23C9 /* SignScreenViewModel.swift~HEAD_0 */,
				8648D1FA26FD51537474C7CA /* SignScreenViewModel.swift~HEAD_1 */,
				EEFEA8A6CE460484CA4EEE77 /* SignScreenViewModel.swift~HEAD_2 */,
				13EF73081314FD8660A9C65E /* SignScreenViewModel.swift~HEAD_3 */,
				F4E12981E9CEEA157A53FEAC /* SignScreenViewModel.swift~logic-home-screen_0 */,
				0E1CB4D26322112EDAFD84DF /* SignScreenViewModel.swift~logic-home-screen_1 */,
				69F0860B23CACC74441A1C13 /* Protocols */,
			);
			path = ViewModels;
			sourceTree = "<group>";
		};
		8B47CF54B9F43D961B073846 /* Views */ = {
			isa = PBXGroup;
			children = (
				22F6CA83E2A264C3FFC152FC /* AuthScreens */,
				DDB66C38D46758645CFF1C31 /* CollectionsScreen */,
				3AD6FDCDBEE3D62CEB3D81D7 /* CustomViews */,
				A55A395F9BC2FACDF317143C /* DisscusionScreen */,
				D7FE06B645EFFAB1751C3DFE /* Extension */,
				124E602B31159B6DE8E114DF /* ProfileScreen */,
				790574AA7A53CE473BECD376 /* Storyboards */,
				6445C63166E6023C80D2C96D /* TabBar */,
			);
			path = Views;
			sourceTree = "<group>";
		};
		920232A2223141FF5BE81F94 /* Cinema */ = {
			isa = PBXGroup;
			children = (
				A328BCA3DE7878499BA63D19 /* AppDelegate.swift */,
				C7237CCC2B36F02603F68D3B /* Assets.xcassets */,
				27C26273E389B989847F52E2 /* Info.plist */,
				ED1EF37D32016B2313874FC9 /* Coordinators */,
				05B00472227209A5830F8964 /* Models */,
				4CC4E819521FDB9A8BD2A9D5 /* Resources */,
				FED61C6B9023AEFFFDCA304B /* Services */,
				87207E40FA4AC9413D62DEFB /* ViewModels */,
				8B47CF54B9F43D961B073846 /* Views */,
			);
			path = Cinema;
			sourceTree = "<group>";
		};
		A55A395F9BC2FACDF317143C /* DisscusionScreen */ = {
			isa = PBXGroup;
			children = (
				D50D9CBA03C3D98433CC7E7E /* DisscusionScreenCollectionViewCell.swift */,
				4EFAFA25BBB11E9C0599B6D7 /* DisscusionScreenView.swift */,
				76B33C9317024691102F9962 /* DisscusionScreenViewController.swift */,
			);
			path = DisscusionScreen;
			sourceTree = "<group>";
		};
		BABF44E7B45A00A80EBFDA19 /* DTOs */ = {
			isa = PBXGroup;
			children = (
				F1170D3A546DF3240D0FD5A6 /* AuthUserDTO.swift */,
			);
			path = DTOs;
			sourceTree = "<group>";
		};
		C93AEDD79E8308C1170C8ADF = {
			isa = PBXGroup;
			children = (
				920232A2223141FF5BE81F94 /* Cinema */,
				4130B066D1F903B654A15128 /* Products */,
			);
			sourceTree = "<group>";
		};
		D7FE06B645EFFAB1751C3DFE /* Extension */ = {
			isa = PBXGroup;
			children = (
				BD84CC129B94D92216D05020 /* UIColorExtension.swift */,
				3DDBEDA1869E7674E5AFB972 /* UIImageViewExtension.swift */,
			);
			path = Extension;
			sourceTree = "<group>";
		};
		DDB66C38D46758645CFF1C31 /* CollectionsScreen */ = {
			isa = PBXGroup;
			children = (
				3EC0204AE7D07D77CEF79FC5 /* CollectionsScreenCollectionViewCell.swift */,
				A3164531877F01485C35AF82 /* CollectionsScreenView.swift */,
				72F97C9123C6E1285AEFA6BE /* CollectionsScreenViewController.swift */,
			);
			path = CollectionsScreen;
			sourceTree = "<group>";
		};
		ED1EF37D32016B2313874FC9 /* Coordinators */ = {
			isa = PBXGroup;
			children = (
				39D41914FFAAACF706B6D27C /* AppCoordinator.swift */,
				D126F9D5B30261E579CD6259 /* AuthCoordinator.swift */,
				4CEB346FAFB6D69A25D288A4 /* CollectionsCoorditanor.swift */,
				A963AF278BE9F86E10C26D70 /* CompilationCoordinator.swift */,
				5205325C13A157C1B4693CB7 /* HomeCoordinator.swift */,
				F51D67BAC8FE3CB43C88CA25 /* MainCoordinator.swift */,
				ECA43B464AED596BFEBF1732 /* ProfileCoordinator.swift */,
				37092E9F1C5E1EFAE5DBA5A3 /* Protocol */,
			);
			path = Coordinators;
			sourceTree = "<group>";
		};
		ED542EC33AD7A947D6D523B9 /* SignInScreen */ = {
			isa = PBXGroup;
			children = (
				6B84C8B6EB4AEECEE9221D01 /* SignInViewController.swift */,
				AC72DF3D36EB2CF3FEF4BFF9 /* SingInScreenView.swift */,
			);
			path = SignInScreen;
			sourceTree = "<group>";
		};
		FED61C6B9023AEFFFDCA304B /* Services */ = {
			isa = PBXGroup;
			children = (
				62FF5172DA045030BBD0E2A4 /* Api */,
			);
			path = Services;
			sourceTree = "<group>";
		};
/* End PBXGroup section */

/* Begin PBXNativeTarget section */
		896EA45066AC4318412AC95D /* Cinema */ = {
			isa = PBXNativeTarget;
			buildConfigurationList = D5C1A2D679A46BC38584060A /* Build configuration list for PBXNativeTarget "Cinema" */;
			buildPhases = (
				8D3E623D25EE588E9F85B8A4 /* Sources */,
				63D765D0B4D9279AE4EAD057 /* Resources */,
				75FA0BB749EA503C305ECD8A /* Frameworks */,
			);
			buildRules = (
			);
			dependencies = (
			);
			name = Cinema;
			packageProductDependencies = (
				AB07091A3D8F47008976ABC8 /* Alamofire */,
				219A57A8C588EE239CF9A5CA /* SnapKit */,
				630C161B64303AA52DF2F086 /* KeychainSwift */,
			);
			productName = Cinema;
			productReference = E94966236921CC6C34C05081 /* Cinema.app */;
			productType = "com.apple.product-type.application";
		};
/* End PBXNativeTarget section */

/* Begin PBXProject section */
		CB65C5AAD396F27F893A18CE /* Project object */ = {
			isa = PBXProject;
			attributes = {
				LastUpgradeCheck = 1200;
			};
			buildConfigurationList = 9C5E538AEE7267778CD62D55 /* Build configuration list for PBXProject "Cinema" */;
			compatibilityVersion = "Xcode 11.0";
			developmentRegion = ru;
			hasScannedForEncodings = 0;
			knownRegions = (
				Base,
				ru,
			);
			mainGroup = C93AEDD79E8308C1170C8ADF;
			packageReferences = (
				64FE61653F79748959CE882D /* XCRemoteSwiftPackageReference "Alamofire" */,
				253765CCBFA24C8090E72711 /* XCRemoteSwiftPackageReference "keychain-swift" */,
				F38B1C18722EFC9997F2D426 /* XCRemoteSwiftPackageReference "SnapKit" */,
			);
			projectDirPath = "";
			projectRoot = "";
			targets = (
				896EA45066AC4318412AC95D /* Cinema */,
			);
		};
/* End PBXProject section */

/* Begin PBXResourcesBuildPhase section */
		63D765D0B4D9279AE4EAD057 /* Resources */ = {
			isa = PBXResourcesBuildPhase;
			buildActionMask = 2147483647;
			files = (
				75C3EB2C99671749E5A66E28 /* Assets.xcassets in Resources */,
				3AE6E398BD1A8122636D7EE2 /* LaunchScreen.storyboard in Resources */,
				223D830CF803C8BC3F80B1D0 /* SFProText-Bold.ttf in Resources */,
				4A7D654244EFC3C27A0511B8 /* SFProText-Medium.ttf in Resources */,
				09A6F2753FCE909125575117 /* SFProText-Regular.ttf in Resources */,
				91B6BC727CCFE65527D8B83F /* SFProText-Semibold.ttf in Resources */,
				B7AC28DA033D12CB8DD0A476 /* SignScreenViewModel.swift~HEAD_0 in Resources */,
				5F578C4015EE75D15F8F8E77 /* SignScreenViewModel.swift~HEAD_1 in Resources */,
				8FB02CABD4504B6795A771C8 /* SignScreenViewModel.swift~HEAD_2 in Resources */,
				E290297EC8CDDE2A12AF21A1 /* SignScreenViewModel.swift~HEAD_3 in Resources */,
				73BDFAED0AB25A414717D248 /* SignScreenViewModel.swift~develop in Resources */,
				8C6260C3A1573AE0C0EC3A65 /* SignScreenViewModel.swift~develop_0 in Resources */,
				4B2C7CA77765B6AC708D85CC /* SignScreenViewModel.swift~logic-home-screen_0 in Resources */,
				D007DF5C9FC9DB4E8E13F19A /* SignScreenViewModel.swift~logic-home-screen_1 in Resources */,
			);
			runOnlyForDeploymentPostprocessing = 0;
		};
/* End PBXResourcesBuildPhase section */

/* Begin PBXSourcesBuildPhase section */
		8D3E623D25EE588E9F85B8A4 /* Sources */ = {
			isa = PBXSourcesBuildPhase;
			buildActionMask = 2147483647;
			files = (
				3B515F4B537ED891DFCB62F1 /* ApiRepository.swift in Sources */,
				BFD7D1D1B38F1C6C42AF353B /* AppCoordinator.swift in Sources */,
				36456FB658AE7CE14CEF1E69 /* AppDelegate.swift in Sources */,
				C3283A2700274DE691863E2C /* AuthCoordinator.swift in Sources */,
				9DAE7800BCB21F208E1B29D1 /* AuthUser.swift in Sources */,
				0F611A743E8A351FC985E7DF /* AuthUserDTO.swift in Sources */,
				C1A2C3F9B76A5A9CC8F13665 /* Chat.swift in Sources */,
				67948ACBF5BEF2776D23D99A /* CircleImageView.swift in Sources */,
				BAC8193D39D3CE3A70B40F07 /* CollectionsCoorditanor.swift in Sources */,
				77EF412D8DD19BD6AD20C688 /* CollectionsScreenCollectionViewCell.swift in Sources */,
				E273B6AECE3B9F6B4DC57D18 /* CollectionsScreenView.swift in Sources */,
				4ED569A8EE898C99065AAB06 /* CollectionsScreenViewController.swift in Sources */,
				1843D4D1C3B4D1700A8A6FED /* CompilationCoordinator.swift in Sources */,
				53EC33C1958C1C22C9E5D05D /* Coordinator.swift in Sources */,
				49695B54636BEA8CDBD6EB94 /* DisscusionScreenCollectionViewCell.swift in Sources */,
				338C7484430E24AAA21BD4AC /* DisscusionScreenView.swift in Sources */,
				00F47B140C943177915B9898 /* DisscusionScreenViewController.swift in Sources */,
				6CE86809E46E68E0F2EC887C /* HomeCoordinator.swift in Sources */,
				9E3827051C866BF6526D9105 /* IProfileViewModel.swift in Sources */,
				046F90D8CA32E92F62739B13 /* ISignInViewModel.swift in Sources */,
				43E46CDA76243BA5337FA4F6 /* ISignUpViewModel.swift in Sources */,
				DF8A9B5785DF6AC99479123B /* MainCoordinator.swift in Sources */,
				5B4AA9911691281B9992E220 /* Message.swift in Sources */,
				DA17253BC59FA21887A3AB1D /* Navigation.swift in Sources */,
				628329DA4F2B9C3E0A964D17 /* Observable.swift in Sources */,
				15AB136639A6D8F1CC43C4B1 /* ProfileCoordinator.swift in Sources */,
				CD3454F02B7299135C9C862D /* ProfileInformationBlockView.swift in Sources */,
				8E20BE80BB8B017AE6344D1F /* ProfileScreenCollectionViewCell.swift in Sources */,
				D089CDBB293B51FAD66C7D3E /* ProfileScreenView.swift in Sources */,
				3C10E47835DB31E4590EE3A7 /* ProfileScreenViewController.swift in Sources */,
				C6CB32C89F8F4CF069D568C3 /* ProfileViewModel.swift in Sources */,
				27C6401BC4F806A72C374011 /* Protocols.swift in Sources */,
				D422D38EDDDC6598579495A6 /* RequestStatus.swift in Sources */,
				7DE3087B85403ACA59E9D1A5 /* SignInViewController.swift in Sources */,
				6758ED7BD8FC41D112EBA903 /* SignScreenViewModel.swift in Sources */,
				3C81E7EE7A307A6C4662F572 /* SignUpScreenView.swift in Sources */,
				E4C483550E93C45502E1A858 /* SignUpViewController.swift in Sources */,
				582C26731ADE6522BF47E68B /* SingInScreenView.swift in Sources */,
				EFE1FE4795066ACF5C87F241 /* TabBarViewController.swift in Sources */,
				D79766AE46993B0685B80025 /* Token.swift in Sources */,
				6FB57ED0A81767D408FDD1ED /* UIColorExtension.swift in Sources */,
				9D960CA03C685A8A8631FBCC /* UICustomTextField.swift in Sources */,
				B95AA7F68E8FA14563B00A67 /* UIImageViewExtension.swift in Sources */,
				5B95F9E1188F968924B7EB43 /* User.swift in Sources */,
				1BE8608274C5022B9380681E /* ValidationAuthScreen.swift in Sources */,
				F9CD3711B7FB5D78A5202F45 /* ViewController.swift in Sources */,
			);
			runOnlyForDeploymentPostprocessing = 0;
		};
/* End PBXSourcesBuildPhase section */

/* Begin PBXVariantGroup section */
		767C5B897A8A2A6C41AF7B59 /* LaunchScreen.storyboard */ = {
			isa = PBXVariantGroup;
			children = (
				EE8596B1D273BC4737851DA7 /* Base */,
			);
			name = LaunchScreen.storyboard;
			sourceTree = "<group>";
		};
/* End PBXVariantGroup section */

/* Begin XCBuildConfiguration section */
		0DCA55B8FB0C0D78BDBAF3B6 /* Debug */ = {
			isa = XCBuildConfiguration;
			buildSettings = {
				ALWAYS_SEARCH_USER_PATHS = NO;
				CLANG_ANALYZER_NONNULL = YES;
				CLANG_ANALYZER_NUMBER_OBJECT_CONVERSION = YES_AGGRESSIVE;
				CLANG_CXX_LANGUAGE_STANDARD = "gnu++14";
				CLANG_CXX_LIBRARY = "libc++";
				CLANG_ENABLE_MODULES = YES;
				CLANG_ENABLE_OBJC_ARC = YES;
				CLANG_ENABLE_OBJC_WEAK = YES;
				CLANG_WARN_BLOCK_CAPTURE_AUTORELEASING = YES;
				CLANG_WARN_BOOL_CONVERSION = YES;
				CLANG_WARN_COMMA = YES;
				CLANG_WARN_CONSTANT_CONVERSION = YES;
				CLANG_WARN_DEPRECATED_OBJC_IMPLEMENTATIONS = YES;
				CLANG_WARN_DIRECT_OBJC_ISA_USAGE = YES_ERROR;
				CLANG_WARN_DOCUMENTATION_COMMENTS = YES;
				CLANG_WARN_EMPTY_BODY = YES;
				CLANG_WARN_ENUM_CONVERSION = YES;
				CLANG_WARN_INFINITE_RECURSION = YES;
				CLANG_WARN_INT_CONVERSION = YES;
				CLANG_WARN_NON_LITERAL_NULL_CONVERSION = YES;
				CLANG_WARN_OBJC_IMPLICIT_RETAIN_SELF = YES;
				CLANG_WARN_OBJC_LITERAL_CONVERSION = YES;
				CLANG_WARN_OBJC_ROOT_CLASS = YES_ERROR;
				CLANG_WARN_QUOTED_INCLUDE_IN_FRAMEWORK_HEADER = YES;
				CLANG_WARN_RANGE_LOOP_ANALYSIS = YES;
				CLANG_WARN_STRICT_PROTOTYPES = YES;
				CLANG_WARN_SUSPICIOUS_MOVE = YES;
				CLANG_WARN_UNGUARDED_AVAILABILITY = YES_AGGRESSIVE;
				CLANG_WARN_UNREACHABLE_CODE = YES;
				CLANG_WARN__DUPLICATE_METHOD_MATCH = YES;
				COPY_PHASE_STRIP = NO;
				DEBUG_INFORMATION_FORMAT = dwarf;
				ENABLE_STRICT_OBJC_MSGSEND = YES;
				ENABLE_TESTABILITY = YES;
				GCC_C_LANGUAGE_STANDARD = gnu11;
				GCC_DYNAMIC_NO_PIC = NO;
				GCC_NO_COMMON_BLOCKS = YES;
				GCC_OPTIMIZATION_LEVEL = 0;
				GCC_PREPROCESSOR_DEFINITIONS = (
					"$(inherited)",
					"DEBUG=1",
				);
				GCC_WARN_64_TO_32_BIT_CONVERSION = YES;
				GCC_WARN_ABOUT_RETURN_TYPE = YES_ERROR;
				GCC_WARN_UNDECLARED_SELECTOR = YES;
				GCC_WARN_UNINITIALIZED_AUTOS = YES_AGGRESSIVE;
				GCC_WARN_UNUSED_FUNCTION = YES;
				GCC_WARN_UNUSED_VARIABLE = YES;
				MTL_ENABLE_DEBUG_INFO = INCLUDE_SOURCE;
				MTL_FAST_MATH = YES;
				ONLY_ACTIVE_ARCH = YES;
				PRODUCT_NAME = "$(TARGET_NAME)";
				SDKROOT = iphoneos;
				SWIFT_ACTIVE_COMPILATION_CONDITIONS = DEBUG;
				SWIFT_OPTIMIZATION_LEVEL = "-Onone";
				SWIFT_VERSION = 5.0;
			};
			name = Debug;
		};
		1AA2E71C252B73AAF3351A8A /* Production */ = {
			isa = XCBuildConfiguration;
			buildSettings = {
				ASSETCATALOG_COMPILER_APPICON_NAME = AppIcon;
				ASSETCATALOG_COMPILER_INCLUDE_ALL_APPICON_ASSETS = YES;
				CODE_SIGN_IDENTITY = "iPhone Developer";
				DEVELOPMENT_TEAM = 8F9BJF9KQ5;
				INFOPLIST_FILE = Cinema/Info.plist;
				IPHONEOS_DEPLOYMENT_TARGET = 13.0;
				LD_RUNPATH_SEARCH_PATHS = (
					"$(inherited)",
					"@executable_path/Frameworks",
				);
				PRODUCT_BUNDLE_IDENTIFIER = hits.projectstudy;
				SDKROOT = iphoneos;
				SUPPORTED_PLATFORMS = "iphoneos iphonesimulator";
				SUPPORTS_MACCATALYST = NO;
				SUPPORTS_MAC_DESIGNED_FOR_IPHONE_IPAD = NO;
				TARGETED_DEVICE_FAMILY = 1;
			};
			name = Production;
		};
		5A6667F2C977E804E2A4984F /* Production */ = {
			isa = XCBuildConfiguration;
			buildSettings = {
				ALWAYS_SEARCH_USER_PATHS = NO;
				CLANG_ANALYZER_NONNULL = YES;
				CLANG_ANALYZER_NUMBER_OBJECT_CONVERSION = YES_AGGRESSIVE;
				CLANG_CXX_LANGUAGE_STANDARD = "gnu++14";
				CLANG_CXX_LIBRARY = "libc++";
				CLANG_ENABLE_MODULES = YES;
				CLANG_ENABLE_OBJC_ARC = YES;
				CLANG_ENABLE_OBJC_WEAK = YES;
				CLANG_WARN_BLOCK_CAPTURE_AUTORELEASING = YES;
				CLANG_WARN_BOOL_CONVERSION = YES;
				CLANG_WARN_COMMA = YES;
				CLANG_WARN_CONSTANT_CONVERSION = YES;
				CLANG_WARN_DEPRECATED_OBJC_IMPLEMENTATIONS = YES;
				CLANG_WARN_DIRECT_OBJC_ISA_USAGE = YES_ERROR;
				CLANG_WARN_DOCUMENTATION_COMMENTS = YES;
				CLANG_WARN_EMPTY_BODY = YES;
				CLANG_WARN_ENUM_CONVERSION = YES;
				CLANG_WARN_INFINITE_RECURSION = YES;
				CLANG_WARN_INT_CONVERSION = YES;
				CLANG_WARN_NON_LITERAL_NULL_CONVERSION = YES;
				CLANG_WARN_OBJC_IMPLICIT_RETAIN_SELF = YES;
				CLANG_WARN_OBJC_LITERAL_CONVERSION = YES;
				CLANG_WARN_OBJC_ROOT_CLASS = YES_ERROR;
				CLANG_WARN_QUOTED_INCLUDE_IN_FRAMEWORK_HEADER = YES;
				CLANG_WARN_RANGE_LOOP_ANALYSIS = YES;
				CLANG_WARN_STRICT_PROTOTYPES = YES;
				CLANG_WARN_SUSPICIOUS_MOVE = YES;
				CLANG_WARN_UNGUARDED_AVAILABILITY = YES_AGGRESSIVE;
				CLANG_WARN_UNREACHABLE_CODE = YES;
				CLANG_WARN__DUPLICATE_METHOD_MATCH = YES;
				COPY_PHASE_STRIP = NO;
				DEBUG_INFORMATION_FORMAT = "dwarf-with-dsym";
				ENABLE_NS_ASSERTIONS = NO;
				ENABLE_STRICT_OBJC_MSGSEND = YES;
				GCC_C_LANGUAGE_STANDARD = gnu11;
				GCC_NO_COMMON_BLOCKS = YES;
				GCC_WARN_64_TO_32_BIT_CONVERSION = YES;
				GCC_WARN_ABOUT_RETURN_TYPE = YES_ERROR;
				GCC_WARN_UNDECLARED_SELECTOR = YES;
				GCC_WARN_UNINITIALIZED_AUTOS = YES_AGGRESSIVE;
				GCC_WARN_UNUSED_FUNCTION = YES;
				GCC_WARN_UNUSED_VARIABLE = YES;
				MTL_ENABLE_DEBUG_INFO = NO;
				MTL_FAST_MATH = YES;
				PRODUCT_NAME = "$(TARGET_NAME)";
				SDKROOT = iphoneos;
				SWIFT_COMPILATION_MODE = wholemodule;
				SWIFT_OPTIMIZATION_LEVEL = "-O";
				SWIFT_VERSION = 5.0;
			};
			name = Production;
		};
		71AEE30FBE3E0F045CD974B5 /* Staging */ = {
			isa = XCBuildConfiguration;
			buildSettings = {
				ASSETCATALOG_COMPILER_APPICON_NAME = AppIcon;
				ASSETCATALOG_COMPILER_INCLUDE_ALL_APPICON_ASSETS = YES;
				CODE_SIGN_IDENTITY = "iPhone Developer";
				DEVELOPMENT_TEAM = 8F9BJF9KQ5;
				INFOPLIST_FILE = Cinema/Info.plist;
				IPHONEOS_DEPLOYMENT_TARGET = 13.0;
				LD_RUNPATH_SEARCH_PATHS = (
					"$(inherited)",
					"@executable_path/Frameworks",
				);
				PRODUCT_BUNDLE_IDENTIFIER = hits.projectstudy;
				SDKROOT = iphoneos;
				SUPPORTED_PLATFORMS = "iphoneos iphonesimulator";
				SUPPORTS_MACCATALYST = NO;
				SUPPORTS_MAC_DESIGNED_FOR_IPHONE_IPAD = NO;
				TARGETED_DEVICE_FAMILY = 1;
			};
			name = Staging;
		};
		764AE7132A636C3B90056F0B /* Staging */ = {
			isa = XCBuildConfiguration;
			buildSettings = {
				ALWAYS_SEARCH_USER_PATHS = NO;
				CLANG_ANALYZER_NONNULL = YES;
				CLANG_ANALYZER_NUMBER_OBJECT_CONVERSION = YES_AGGRESSIVE;
				CLANG_CXX_LANGUAGE_STANDARD = "gnu++14";
				CLANG_CXX_LIBRARY = "libc++";
				CLANG_ENABLE_MODULES = YES;
				CLANG_ENABLE_OBJC_ARC = YES;
				CLANG_ENABLE_OBJC_WEAK = YES;
				CLANG_WARN_BLOCK_CAPTURE_AUTORELEASING = YES;
				CLANG_WARN_BOOL_CONVERSION = YES;
				CLANG_WARN_COMMA = YES;
				CLANG_WARN_CONSTANT_CONVERSION = YES;
				CLANG_WARN_DEPRECATED_OBJC_IMPLEMENTATIONS = YES;
				CLANG_WARN_DIRECT_OBJC_ISA_USAGE = YES_ERROR;
				CLANG_WARN_DOCUMENTATION_COMMENTS = YES;
				CLANG_WARN_EMPTY_BODY = YES;
				CLANG_WARN_ENUM_CONVERSION = YES;
				CLANG_WARN_INFINITE_RECURSION = YES;
				CLANG_WARN_INT_CONVERSION = YES;
				CLANG_WARN_NON_LITERAL_NULL_CONVERSION = YES;
				CLANG_WARN_OBJC_IMPLICIT_RETAIN_SELF = YES;
				CLANG_WARN_OBJC_LITERAL_CONVERSION = YES;
				CLANG_WARN_OBJC_ROOT_CLASS = YES_ERROR;
				CLANG_WARN_QUOTED_INCLUDE_IN_FRAMEWORK_HEADER = YES;
				CLANG_WARN_RANGE_LOOP_ANALYSIS = YES;
				CLANG_WARN_STRICT_PROTOTYPES = YES;
				CLANG_WARN_SUSPICIOUS_MOVE = YES;
				CLANG_WARN_UNGUARDED_AVAILABILITY = YES_AGGRESSIVE;
				CLANG_WARN_UNREACHABLE_CODE = YES;
				CLANG_WARN__DUPLICATE_METHOD_MATCH = YES;
				COPY_PHASE_STRIP = NO;
				DEBUG_INFORMATION_FORMAT = "dwarf-with-dsym";
				ENABLE_NS_ASSERTIONS = NO;
				ENABLE_STRICT_OBJC_MSGSEND = YES;
				GCC_C_LANGUAGE_STANDARD = gnu11;
				GCC_NO_COMMON_BLOCKS = YES;
				GCC_WARN_64_TO_32_BIT_CONVERSION = YES;
				GCC_WARN_ABOUT_RETURN_TYPE = YES_ERROR;
				GCC_WARN_UNDECLARED_SELECTOR = YES;
				GCC_WARN_UNINITIALIZED_AUTOS = YES_AGGRESSIVE;
				GCC_WARN_UNUSED_FUNCTION = YES;
				GCC_WARN_UNUSED_VARIABLE = YES;
				MTL_ENABLE_DEBUG_INFO = NO;
				MTL_FAST_MATH = YES;
				PRODUCT_NAME = "$(TARGET_NAME)";
				SDKROOT = iphoneos;
				SWIFT_COMPILATION_MODE = wholemodule;
				SWIFT_OPTIMIZATION_LEVEL = "-O";
				SWIFT_VERSION = 5.0;
			};
			name = Staging;
		};
		C14CAC07E0CA81D8FC9F137F /* Debug */ = {
			isa = XCBuildConfiguration;
			buildSettings = {
				ASSETCATALOG_COMPILER_APPICON_NAME = AppIcon;
				ASSETCATALOG_COMPILER_INCLUDE_ALL_APPICON_ASSETS = YES;
				CODE_SIGN_IDENTITY = "iPhone Developer";
				DEVELOPMENT_TEAM = 8F9BJF9KQ5;
				INFOPLIST_FILE = Cinema/Info.plist;
				IPHONEOS_DEPLOYMENT_TARGET = 13.0;
				LD_RUNPATH_SEARCH_PATHS = (
					"$(inherited)",
					"@executable_path/Frameworks",
				);
				PRODUCT_BUNDLE_IDENTIFIER = hits.projectstudy;
				SDKROOT = iphoneos;
				SUPPORTED_PLATFORMS = "iphoneos iphonesimulator";
				SUPPORTS_MACCATALYST = NO;
				SUPPORTS_MAC_DESIGNED_FOR_IPHONE_IPAD = NO;
				TARGETED_DEVICE_FAMILY = 1;
			};
			name = Debug;
		};
/* End XCBuildConfiguration section */

/* Begin XCConfigurationList section */
		9C5E538AEE7267778CD62D55 /* Build configuration list for PBXProject "Cinema" */ = {
			isa = XCConfigurationList;
			buildConfigurations = (
				0DCA55B8FB0C0D78BDBAF3B6 /* Debug */,
				5A6667F2C977E804E2A4984F /* Production */,
				764AE7132A636C3B90056F0B /* Staging */,
			);
			defaultConfigurationIsVisible = 0;
			defaultConfigurationName = Debug;
		};
		D5C1A2D679A46BC38584060A /* Build configuration list for PBXNativeTarget "Cinema" */ = {
			isa = XCConfigurationList;
			buildConfigurations = (
				C14CAC07E0CA81D8FC9F137F /* Debug */,
				1AA2E71C252B73AAF3351A8A /* Production */,
				71AEE30FBE3E0F045CD974B5 /* Staging */,
			);
			defaultConfigurationIsVisible = 0;
			defaultConfigurationName = Debug;
		};
/* End XCConfigurationList section */

/* Begin XCRemoteSwiftPackageReference section */
		253765CCBFA24C8090E72711 /* XCRemoteSwiftPackageReference "keychain-swift" */ = {
			isa = XCRemoteSwiftPackageReference;
			repositoryURL = "https://github.com/evgenyneu/keychain-swift?ysclid=lgc0sfaqau638640751";
			requirement = {
				branch = master;
				kind = branch;
			};
		};
		64FE61653F79748959CE882D /* XCRemoteSwiftPackageReference "Alamofire" */ = {
			isa = XCRemoteSwiftPackageReference;
			repositoryURL = "https://github.com/Alamofire/Alamofire";
			requirement = {
				kind = upToNextMajorVersion;
				minimumVersion = 5.5.0;
			};
		};
		F38B1C18722EFC9997F2D426 /* XCRemoteSwiftPackageReference "SnapKit" */ = {
			isa = XCRemoteSwiftPackageReference;
			repositoryURL = "https://github.com/SnapKit/SnapKit";
			requirement = {
				branch = develop;
				kind = branch;
			};
		};
/* End XCRemoteSwiftPackageReference section */

/* Begin XCSwiftPackageProductDependency section */
		219A57A8C588EE239CF9A5CA /* SnapKit */ = {
			isa = XCSwiftPackageProductDependency;
			package = F38B1C18722EFC9997F2D426 /* XCRemoteSwiftPackageReference "SnapKit" */;
			productName = SnapKit;
		};
		630C161B64303AA52DF2F086 /* KeychainSwift */ = {
			isa = XCSwiftPackageProductDependency;
			package = 253765CCBFA24C8090E72711 /* XCRemoteSwiftPackageReference "keychain-swift" */;
			productName = KeychainSwift;
		};
		AB07091A3D8F47008976ABC8 /* Alamofire */ = {
			isa = XCSwiftPackageProductDependency;
			package = 64FE61653F79748959CE882D /* XCRemoteSwiftPackageReference "Alamofire" */;
			productName = Alamofire;
		};
/* End XCSwiftPackageProductDependency section */
	};
	rootObject = CB65C5AAD396F27F893A18CE /* Project object */;
}
